
Microsoft Visual Studio Solution File, Format Version 11.00
# Visual Studio 2010
Project("{FAE04EC0-301F-11D3-BF4B-00C04F79EFBC}") = "Sample", "Sample.csproj", "{7674877F-3932-47CF-B50D-305DCD1A2692}"
EndProject
Project("{FAE04EC0-301F-11D3-BF4B-00C04F79EFBC}") = "Microsoft.Azure.Zumo.Android", "..\..\..\sdk\android\src\Microsoft.Azure.Zumo.Android\Microsoft.Azure.Zumo.Android.csproj", "{7B774D3A-9136-4ED8-B2D6-09E577F9EC63}"
EndProject
Project("{2150E333-8FDC-42A3-9474-1A3956D46DE8}") = "mvvm", "mvvm", "{36A92130-AE30-48AE-89C9-87A680FF81FA}"
EndProject
Project("{FAE04EC0-301F-11D3-BF4B-00C04F79EFBC}") = "SixSteps.Core", "..\..\..\mvvm\SixSteps.Core\SixSteps.Core.csproj", "{2C1D266C-59BD-4A95-A52A-426BDD099CF5}"
EndProject
Project("{FAE04EC0-301F-11D3-BF4B-00C04F79EFBC}") = "SixSteps.UI.Droid", "..\..\..\mvvm\SixSteps.UI.Droid\SixSteps.UI.Droid.csproj", "{ADF2B817-69E9-4852-82A0-452B23DEBB8C}"
EndProject
Project("{2150E333-8FDC-42A3-9474-1A3956D46DE8}") = "Platform", "Platform", "{CA8AEEBF-307E-4786-BABF-A65EE19B6325}"
EndProject
Project("{FAE04EC0-301F-11D3-BF4B-00C04F79EFBC}") = "Cirrious.MvvmCross", "..\..\..\..\MVVMCROSS\Cirrious\Cirrious.MvvmCross\Cirrious.MvvmCross.csproj", "{B6E27475-E7D0-448C-A5CC-5097DCA1E2DD}"
EndProject
Project("{FAE04EC0-301F-11D3-BF4B-00C04F79EFBC}") = "Cirrious.MvvmCross.Binding", "..\..\..\..\MVVMCROSS\Cirrious\Cirrious.MvvmCross.Binding\Cirrious.MvvmCross.Binding.csproj", "{64DCD397-9019-41E8-A928-E5F5C5DF185B}"
EndProject
Project("{FAE04EC0-301F-11D3-BF4B-00C04F79EFBC}") = "Cirrious.MvvmCross.Plugins.File", "..\..\..\..\MVVMCROSS\Cirrious\Plugins\File\Cirrious.MvvmCross.Plugins.File\Cirrious.MvvmCross.Plugins.File.csproj", "{19EE04D6-7EE0-4FE8-AB10-4623D93F165A}"
EndProject
Project("{FAE04EC0-301F-11D3-BF4B-00C04F79EFBC}") = "Cirrious.MvvmCross.Plugins.DownloadCache", "..\..\..\..\MVVMCROSS\Cirrious\Plugins\DownloadCache\Cirrious.MvvmCross.Plugins.DownloadCache\Cirrious.MvvmCross.Plugins.DownloadCache.csproj", "{60A80EB8-2056-4771-8600-03A8DA417CFB}"
EndProject
Project("{FAE04EC0-301F-11D3-BF4B-00C04F79EFBC}") = "Cirrious.MvvmCross.Plugins.Json", "..\..\..\..\MVVMCROSS\Cirrious\Plugins\Json\Cirrious.MvvmCross.Plugins.Json\Cirrious.MvvmCross.Plugins.Json.csproj", "{D518E8E6-3CE6-4706-A286-E8BC6A2F64DC}"
EndProject
Project("{2150E333-8FDC-42A3-9474-1A3956D46DE8}") = "Droid", "Droid", "{DC120CBC-3124-47A0-AD99-F06DD1245DBA}"
EndProject
Project("{FAE04EC0-301F-11D3-BF4B-00C04F79EFBC}") = "Cirrious.MvvmCross.Binding.Droid", "..\..\..\..\MVVMCROSS\Cirrious\Cirrious.MvvmCross.Binding.Droid\Cirrious.MvvmCross.Binding.Droid.csproj", "{47FD89C3-19DC-4BD2-9B6D-FB8363BE7EB9}"
EndProject
Project("{FAE04EC0-301F-11D3-BF4B-00C04F79EFBC}") = "Cirrious.MvvmCross.Plugins.DownloadCache.Droid", "..\..\..\..\MVVMCROSS\Cirrious\Plugins\DownloadCache\Cirrious.MvvmCross.Plugins.DownloadCache.Droid\Cirrious.MvvmCross.Plugins.DownloadCache.Droid.csproj", "{81A58551-7D1C-4687-A5A5-C73EB5F15563}"
EndProject
Project("{FAE04EC0-301F-11D3-BF4B-00C04F79EFBC}") = "Cirrious.MvvmCross.Droid", "..\..\..\..\MVVMCROSS\Cirrious\Cirrious.MvvmCross.Droid\Cirrious.MvvmCross.Droid.csproj", "{7A6BE137-D0F1-46A1-AE5C-81FAEEDDDF02}"
EndProject
Project("{FAE04EC0-301F-11D3-BF4B-00C04F79EFBC}") = "Cirrious.MvvmCross.Plugins.File.Droid", "..\..\..\..\MVVMCROSS\Cirrious\Plugins\File\Cirrious.MvvmCross.Plugins.File.Droid\Cirrious.MvvmCross.Plugins.File.Droid.csproj", "{EE2D94C9-032E-4EBE-B3D5-6A585D03F188}"
EndProject
Project("{FAE04EC0-301F-11D3-BF4B-00C04F79EFBC}") = "System.Net.Droid", "..\..\..\..\MVVMCROSS\Cirrious\System.Net\System.Net.Droid.csproj", "{EB2591F7-1492-4885-AD59-D11D2311BBC7}"
EndProject
Project("{FAE04EC0-301F-11D3-BF4B-00C04F79EFBC}") = "System.Windows.Droid", "..\..\..\..\MVVMCROSS\Cirrious\System.Windows\System.Windows.Droid.csproj", "{72D13EE1-53A3-4A9F-9281-AE44CC5E92AC}"
EndProject
Project("{2150E333-8FDC-42A3-9474-1A3956D46DE8}") = "Touch", "Touch", "{38037027-E93D-427E-804C-5772C18D43CE}"
EndProject
Project("{FAE04EC0-301F-11D3-BF4B-00C04F79EFBC}") = "Cirrious.MvvmCross.Plugins.DownloadCache.Touch", "..\..\..\..\MVVMCROSS\Cirrious\Plugins\DownloadCache\Cirrious.MvvmCross.Plugins.DownloadCache.Touch\Cirrious.MvvmCross.Plugins.DownloadCache.Touch.csproj", "{59452E25-103C-4677-AB2A-E0D33B9FBDDA}"
EndProject
Project("{FAE04EC0-301F-11D3-BF4B-00C04F79EFBC}") = "Cirrious.MvvmCross.Plugins.File.Touch", "..\..\..\..\MVVMCROSS\Cirrious\Plugins\File\Cirrious.MvvmCross.Plugins.File.Touch\Cirrious.MvvmCross.Plugins.File.Touch.csproj", "{5B8CF261-197A-48AF-BC7C-899CF81AA187}"
EndProject
Project("{FAE04EC0-301F-11D3-BF4B-00C04F79EFBC}") = "Cirrious.MvvmCross.Touch", "..\..\..\..\MVVMCROSS\Cirrious\Cirrious.MvvmCross.Touch\Cirrious.MvvmCross.Touch.csproj", "{E042EDD9-E89D-4928-BF4D-27F0FC29CEDA}"
EndProject
Project("{FAE04EC0-301F-11D3-BF4B-00C04F79EFBC}") = "Cirrious.MvvmCross.Binding.Touch", "..\..\..\..\MVVMCROSS\Cirrious\Cirrious.MvvmCross.Binding.Touch\Cirrious.MvvmCross.Binding.Touch.csproj", "{913B13B5-7B2C-4DDA-BECB-DADC827ED895}"
EndProject
Project("{FAE04EC0-301F-11D3-BF4B-00C04F79EFBC}") = "System.Net.Touch", "..\..\..\..\MVVMCROSS\Cirrious\System.Net.Touch\System.Net.Touch.csproj", "{13D0CB9B-25EC-48E0-9091-4FF0208545CA}"
EndProject
Project("{FAE04EC0-301F-11D3-BF4B-00C04F79EFBC}") = "System.Windows.Touch", "..\..\..\..\MVVMCROSS\Cirrious\System.Windows.Touch\System.Windows.Touch.csproj", "{9499E72B-FD7C-4A9B-AB6C-0F9B7359257C}"
EndProject
Project("{FAE04EC0-301F-11D3-BF4B-00C04F79EFBC}") = "Cirrious.MvvmCross.Dialog.Touch", "..\..\..\..\MVVMCROSS\Cirrious\Cirrious.MvvmCross.Dialog.Touch\Cirrious.MvvmCross.Dialog.Touch.csproj", "{F073E4F8-E0B6-43E7-84C1-B71AE4BEA0E0}"
EndProject
Project("{FAE04EC0-301F-11D3-BF4B-00C04F79EFBC}") = "SixSteps.UI.Touch", "..\..\..\mvvm\SixSteps.UI.Touch\SixSteps.UI.Touch.csproj", "{5A53FEAD-499E-4BF2-9E1B-A3E4A426BA3F}"
EndProject
Project("{FAE04EC0-301F-11D3-BF4B-00C04F79EFBC}") = "Microsoft.Azure.Zumo.iOS", "..\..\..\sdk\ios\src\Microsoft.Azure.Zumo.iOS\Microsoft.Azure.Zumo.iOS.csproj", "{8E35FADF-4690-4044-BA12-EB6011BA7486}"
EndProject
Global
	GlobalSection(SolutionConfigurationPlatforms) = preSolution
		AdHoc|Any CPU = AdHoc|Any CPU
		AdHoc|iPhone = AdHoc|iPhone
		AdHoc|iPhoneSimulator = AdHoc|iPhoneSimulator
		AdHoc|Mixed Platforms = AdHoc|Mixed Platforms
		Debug|Any CPU = Debug|Any CPU
		Debug|iPhone = Debug|iPhone
		Debug|iPhoneSimulator = Debug|iPhoneSimulator
		Debug|Mixed Platforms = Debug|Mixed Platforms
		Distribution|Any CPU = Distribution|Any CPU
		Distribution|iPhone = Distribution|iPhone
		Distribution|iPhoneSimulator = Distribution|iPhoneSimulator
		Distribution|Mixed Platforms = Distribution|Mixed Platforms
		Release|Any CPU = Release|Any CPU
		Release|iPhone = Release|iPhone
		Release|iPhoneSimulator = Release|iPhoneSimulator
		Release|Mixed Platforms = Release|Mixed Platforms
	EndGlobalSection
	GlobalSection(ProjectConfigurationPlatforms) = postSolution
		{13D0CB9B-25EC-48E0-9091-4FF0208545CA}.AdHoc|Any CPU.ActiveCfg = AdHoc|Any CPU
		{13D0CB9B-25EC-48E0-9091-4FF0208545CA}.AdHoc|Any CPU.Build.0 = AdHoc|Any CPU
		{13D0CB9B-25EC-48E0-9091-4FF0208545CA}.AdHoc|iPhone.ActiveCfg = AdHoc|iPhone
		{13D0CB9B-25EC-48E0-9091-4FF0208545CA}.AdHoc|iPhone.Build.0 = AdHoc|iPhone
		{13D0CB9B-25EC-48E0-9091-4FF0208545CA}.AdHoc|iPhoneSimulator.ActiveCfg = AdHoc|iPhoneSimulator
		{13D0CB9B-25EC-48E0-9091-4FF0208545CA}.AdHoc|iPhoneSimulator.Build.0 = AdHoc|iPhoneSimulator
		{13D0CB9B-25EC-48E0-9091-4FF0208545CA}.AdHoc|Mixed Platforms.ActiveCfg = AdHoc|iPhone
		{13D0CB9B-25EC-48E0-9091-4FF0208545CA}.AdHoc|Mixed Platforms.Build.0 = AdHoc|iPhone
		{13D0CB9B-25EC-48E0-9091-4FF0208545CA}.Debug|Any CPU.ActiveCfg = Debug|Any CPU
		{13D0CB9B-25EC-48E0-9091-4FF0208545CA}.Debug|Any CPU.Build.0 = Debug|Any CPU
		{13D0CB9B-25EC-48E0-9091-4FF0208545CA}.Debug|iPhone.ActiveCfg = Debug|iPhone
		{13D0CB9B-25EC-48E0-9091-4FF0208545CA}.Debug|iPhone.Build.0 = Debug|iPhone
		{13D0CB9B-25EC-48E0-9091-4FF0208545CA}.Debug|iPhoneSimulator.ActiveCfg = Debug|iPhoneSimulator
		{13D0CB9B-25EC-48E0-9091-4FF0208545CA}.Debug|iPhoneSimulator.Build.0 = Debug|iPhoneSimulator
		{13D0CB9B-25EC-48E0-9091-4FF0208545CA}.Debug|Mixed Platforms.ActiveCfg = Debug|iPhone
		{13D0CB9B-25EC-48E0-9091-4FF0208545CA}.Debug|Mixed Platforms.Build.0 = Debug|iPhone
		{13D0CB9B-25EC-48E0-9091-4FF0208545CA}.Distribution|Any CPU.ActiveCfg = Debug|iPhone
		{13D0CB9B-25EC-48E0-9091-4FF0208545CA}.Distribution|iPhone.ActiveCfg = Debug|iPhone
		{13D0CB9B-25EC-48E0-9091-4FF0208545CA}.Distribution|iPhone.Build.0 = Debug|iPhone
		{13D0CB9B-25EC-48E0-9091-4FF0208545CA}.Distribution|iPhoneSimulator.ActiveCfg = Debug|iPhone
		{13D0CB9B-25EC-48E0-9091-4FF0208545CA}.Distribution|Mixed Platforms.ActiveCfg = Debug|iPhone
		{13D0CB9B-25EC-48E0-9091-4FF0208545CA}.Distribution|Mixed Platforms.Build.0 = Debug|iPhone
		{13D0CB9B-25EC-48E0-9091-4FF0208545CA}.Release|Any CPU.ActiveCfg = Release|Any CPU
		{13D0CB9B-25EC-48E0-9091-4FF0208545CA}.Release|Any CPU.Build.0 = Release|Any CPU
		{13D0CB9B-25EC-48E0-9091-4FF0208545CA}.Release|iPhone.ActiveCfg = Release|iPhone
		{13D0CB9B-25EC-48E0-9091-4FF0208545CA}.Release|iPhone.Build.0 = Release|iPhone
		{13D0CB9B-25EC-48E0-9091-4FF0208545CA}.Release|iPhoneSimulator.ActiveCfg = Release|iPhoneSimulator
		{13D0CB9B-25EC-48E0-9091-4FF0208545CA}.Release|iPhoneSimulator.Build.0 = Release|iPhoneSimulator
		{13D0CB9B-25EC-48E0-9091-4FF0208545CA}.Release|Mixed Platforms.ActiveCfg = Release|iPhone
		{13D0CB9B-25EC-48E0-9091-4FF0208545CA}.Release|Mixed Platforms.Build.0 = Release|iPhone
		{19EE04D6-7EE0-4FE8-AB10-4623D93F165A}.AdHoc|Any CPU.ActiveCfg = Release|Any CPU
		{19EE04D6-7EE0-4FE8-AB10-4623D93F165A}.AdHoc|Any CPU.Build.0 = Release|Any CPU
		{19EE04D6-7EE0-4FE8-AB10-4623D93F165A}.AdHoc|iPhone.ActiveCfg = Release|Any CPU
		{19EE04D6-7EE0-4FE8-AB10-4623D93F165A}.AdHoc|iPhoneSimulator.ActiveCfg = Release|Any CPU
		{19EE04D6-7EE0-4FE8-AB10-4623D93F165A}.AdHoc|Mixed Platforms.ActiveCfg = Release|Any CPU
		{19EE04D6-7EE0-4FE8-AB10-4623D93F165A}.AdHoc|Mixed Platforms.Build.0 = Release|Any CPU
		{19EE04D6-7EE0-4FE8-AB10-4623D93F165A}.Debug|Any CPU.ActiveCfg = Debug|Any CPU
		{19EE04D6-7EE0-4FE8-AB10-4623D93F165A}.Debug|Any CPU.Build.0 = Debug|Any CPU
		{19EE04D6-7EE0-4FE8-AB10-4623D93F165A}.Debug|iPhone.ActiveCfg = Debug|Any CPU
		{19EE04D6-7EE0-4FE8-AB10-4623D93F165A}.Debug|iPhoneSimulator.ActiveCfg = Debug|Any CPU
		{19EE04D6-7EE0-4FE8-AB10-4623D93F165A}.Debug|iPhoneSimulator.Build.0 = Debug|Any CPU
		{19EE04D6-7EE0-4FE8-AB10-4623D93F165A}.Debug|Mixed Platforms.ActiveCfg = Debug|Any CPU
		{19EE04D6-7EE0-4FE8-AB10-4623D93F165A}.Debug|Mixed Platforms.Build.0 = Debug|Any CPU
		{19EE04D6-7EE0-4FE8-AB10-4623D93F165A}.Distribution|Any CPU.ActiveCfg = Debug|Any CPU
		{19EE04D6-7EE0-4FE8-AB10-4623D93F165A}.Distribution|Any CPU.Build.0 = Debug|Any CPU
		{19EE04D6-7EE0-4FE8-AB10-4623D93F165A}.Distribution|iPhone.ActiveCfg = Debug|Any CPU
		{19EE04D6-7EE0-4FE8-AB10-4623D93F165A}.Distribution|iPhoneSimulator.ActiveCfg = Debug|Any CPU
		{19EE04D6-7EE0-4FE8-AB10-4623D93F165A}.Distribution|Mixed Platforms.ActiveCfg = Debug|Any CPU
		{19EE04D6-7EE0-4FE8-AB10-4623D93F165A}.Distribution|Mixed Platforms.Build.0 = Debug|Any CPU
		{19EE04D6-7EE0-4FE8-AB10-4623D93F165A}.Release|Any CPU.ActiveCfg = Release|Any CPU
		{19EE04D6-7EE0-4FE8-AB10-4623D93F165A}.Release|Any CPU.Build.0 = Release|Any CPU
		{19EE04D6-7EE0-4FE8-AB10-4623D93F165A}.Release|iPhone.ActiveCfg = Release|Any CPU
		{19EE04D6-7EE0-4FE8-AB10-4623D93F165A}.Release|iPhoneSimulator.ActiveCfg = Release|Any CPU
		{19EE04D6-7EE0-4FE8-AB10-4623D93F165A}.Release|Mixed Platforms.ActiveCfg = Release|Any CPU
		{19EE04D6-7EE0-4FE8-AB10-4623D93F165A}.Release|Mixed Platforms.Build.0 = Release|Any CPU
		{2C1D266C-59BD-4A95-A52A-426BDD099CF5}.AdHoc|Any CPU.ActiveCfg = Release|Any CPU
		{2C1D266C-59BD-4A95-A52A-426BDD099CF5}.AdHoc|Any CPU.Build.0 = Release|Any CPU
		{2C1D266C-59BD-4A95-A52A-426BDD099CF5}.AdHoc|iPhone.ActiveCfg = Release|Any CPU
		{2C1D266C-59BD-4A95-A52A-426BDD099CF5}.AdHoc|iPhoneSimulator.ActiveCfg = Release|Any CPU
		{2C1D266C-59BD-4A95-A52A-426BDD099CF5}.AdHoc|Mixed Platforms.ActiveCfg = Release|Any CPU
		{2C1D266C-59BD-4A95-A52A-426BDD099CF5}.AdHoc|Mixed Platforms.Build.0 = Release|Any CPU
		{2C1D266C-59BD-4A95-A52A-426BDD099CF5}.Debug|Any CPU.ActiveCfg = Debug|Any CPU
		{2C1D266C-59BD-4A95-A52A-426BDD099CF5}.Debug|Any CPU.Build.0 = Debug|Any CPU
		{2C1D266C-59BD-4A95-A52A-426BDD099CF5}.Debug|iPhone.ActiveCfg = Debug|Any CPU
		{2C1D266C-59BD-4A95-A52A-426BDD099CF5}.Debug|iPhoneSimulator.ActiveCfg = Debug|Any CPU
		{2C1D266C-59BD-4A95-A52A-426BDD099CF5}.Debug|iPhoneSimulator.Build.0 = Debug|Any CPU
		{2C1D266C-59BD-4A95-A52A-426BDD099CF5}.Debug|Mixed Platforms.ActiveCfg = Debug|Any CPU
		{2C1D266C-59BD-4A95-A52A-426BDD099CF5}.Debug|Mixed Platforms.Build.0 = Debug|Any CPU
		{2C1D266C-59BD-4A95-A52A-426BDD099CF5}.Distribution|Any CPU.ActiveCfg = Debug|Any CPU
		{2C1D266C-59BD-4A95-A52A-426BDD099CF5}.Distribution|Any CPU.Build.0 = Debug|Any CPU
		{2C1D266C-59BD-4A95-A52A-426BDD099CF5}.Distribution|iPhone.ActiveCfg = Debug|Any CPU
		{2C1D266C-59BD-4A95-A52A-426BDD099CF5}.Distribution|iPhoneSimulator.ActiveCfg = Debug|Any CPU
		{2C1D266C-59BD-4A95-A52A-426BDD099CF5}.Distribution|Mixed Platforms.ActiveCfg = Debug|Any CPU
		{2C1D266C-59BD-4A95-A52A-426BDD099CF5}.Distribution|Mixed Platforms.Build.0 = Debug|Any CPU
		{2C1D266C-59BD-4A95-A52A-426BDD099CF5}.Release|Any CPU.ActiveCfg = Release|Any CPU
		{2C1D266C-59BD-4A95-A52A-426BDD099CF5}.Release|Any CPU.Build.0 = Release|Any CPU
		{2C1D266C-59BD-4A95-A52A-426BDD099CF5}.Release|iPhone.ActiveCfg = Release|Any CPU
		{2C1D266C-59BD-4A95-A52A-426BDD099CF5}.Release|iPhoneSimulator.ActiveCfg = Release|Any CPU
		{2C1D266C-59BD-4A95-A52A-426BDD099CF5}.Release|Mixed Platforms.ActiveCfg = Release|Any CPU
		{2C1D266C-59BD-4A95-A52A-426BDD099CF5}.Release|Mixed Platforms.Build.0 = Release|Any CPU
		{47FD89C3-19DC-4BD2-9B6D-FB8363BE7EB9}.AdHoc|Any CPU.ActiveCfg = Release|Any CPU
		{47FD89C3-19DC-4BD2-9B6D-FB8363BE7EB9}.AdHoc|Any CPU.Build.0 = Release|Any CPU
		{47FD89C3-19DC-4BD2-9B6D-FB8363BE7EB9}.AdHoc|iPhone.ActiveCfg = Release|Any CPU
		{47FD89C3-19DC-4BD2-9B6D-FB8363BE7EB9}.AdHoc|iPhoneSimulator.ActiveCfg = Release|Any CPU
		{47FD89C3-19DC-4BD2-9B6D-FB8363BE7EB9}.AdHoc|Mixed Platforms.ActiveCfg = Release|Any CPU
		{47FD89C3-19DC-4BD2-9B6D-FB8363BE7EB9}.AdHoc|Mixed Platforms.Build.0 = Release|Any CPU
		{47FD89C3-19DC-4BD2-9B6D-FB8363BE7EB9}.Debug|Any CPU.ActiveCfg = Debug|Any CPU
		{47FD89C3-19DC-4BD2-9B6D-FB8363BE7EB9}.Debug|Any CPU.Build.0 = Debug|Any CPU
		{47FD89C3-19DC-4BD2-9B6D-FB8363BE7EB9}.Debug|iPhone.ActiveCfg = Debug|Any CPU
		{47FD89C3-19DC-4BD2-9B6D-FB8363BE7EB9}.Debug|iPhoneSimulator.ActiveCfg = Debug|Any CPU
		{47FD89C3-19DC-4BD2-9B6D-FB8363BE7EB9}.Debug|Mixed Platforms.ActiveCfg = Debug|Any CPU
		{47FD89C3-19DC-4BD2-9B6D-FB8363BE7EB9}.Debug|Mixed Platforms.Build.0 = Debug|Any CPU
		{47FD89C3-19DC-4BD2-9B6D-FB8363BE7EB9}.Distribution|Any CPU.ActiveCfg = Debug|Any CPU
		{47FD89C3-19DC-4BD2-9B6D-FB8363BE7EB9}.Distribution|Any CPU.Build.0 = Debug|Any CPU
		{47FD89C3-19DC-4BD2-9B6D-FB8363BE7EB9}.Distribution|iPhone.ActiveCfg = Debug|Any CPU
		{47FD89C3-19DC-4BD2-9B6D-FB8363BE7EB9}.Distribution|iPhoneSimulator.ActiveCfg = Debug|Any CPU
		{47FD89C3-19DC-4BD2-9B6D-FB8363BE7EB9}.Distribution|Mixed Platforms.ActiveCfg = Debug|Any CPU
		{47FD89C3-19DC-4BD2-9B6D-FB8363BE7EB9}.Distribution|Mixed Platforms.Build.0 = Debug|Any CPU
		{47FD89C3-19DC-4BD2-9B6D-FB8363BE7EB9}.Release|Any CPU.ActiveCfg = Release|Any CPU
		{47FD89C3-19DC-4BD2-9B6D-FB8363BE7EB9}.Release|Any CPU.Build.0 = Release|Any CPU
		{47FD89C3-19DC-4BD2-9B6D-FB8363BE7EB9}.Release|iPhone.ActiveCfg = Release|Any CPU
		{47FD89C3-19DC-4BD2-9B6D-FB8363BE7EB9}.Release|iPhoneSimulator.ActiveCfg = Release|Any CPU
		{47FD89C3-19DC-4BD2-9B6D-FB8363BE7EB9}.Release|Mixed Platforms.ActiveCfg = Release|Any CPU
		{47FD89C3-19DC-4BD2-9B6D-FB8363BE7EB9}.Release|Mixed Platforms.Build.0 = Release|Any CPU
		{59452E25-103C-4677-AB2A-E0D33B9FBDDA}.AdHoc|Any CPU.ActiveCfg = AdHoc|Any CPU
		{59452E25-103C-4677-AB2A-E0D33B9FBDDA}.AdHoc|Any CPU.Build.0 = AdHoc|Any CPU
		{59452E25-103C-4677-AB2A-E0D33B9FBDDA}.AdHoc|iPhone.ActiveCfg = AdHoc|iPhone
		{59452E25-103C-4677-AB2A-E0D33B9FBDDA}.AdHoc|iPhone.Build.0 = AdHoc|iPhone
		{59452E25-103C-4677-AB2A-E0D33B9FBDDA}.AdHoc|iPhoneSimulator.ActiveCfg = AdHoc|iPhoneSimulator
		{59452E25-103C-4677-AB2A-E0D33B9FBDDA}.AdHoc|iPhoneSimulator.Build.0 = AdHoc|iPhoneSimulator
		{59452E25-103C-4677-AB2A-E0D33B9FBDDA}.AdHoc|Mixed Platforms.ActiveCfg = AdHoc|iPhone
		{59452E25-103C-4677-AB2A-E0D33B9FBDDA}.AdHoc|Mixed Platforms.Build.0 = AdHoc|iPhone
		{59452E25-103C-4677-AB2A-E0D33B9FBDDA}.Debug|Any CPU.ActiveCfg = Debug|Any CPU
		{59452E25-103C-4677-AB2A-E0D33B9FBDDA}.Debug|Any CPU.Build.0 = Debug|Any CPU
		{59452E25-103C-4677-AB2A-E0D33B9FBDDA}.Debug|iPhone.ActiveCfg = Debug|iPhone
		{59452E25-103C-4677-AB2A-E0D33B9FBDDA}.Debug|iPhone.Build.0 = Debug|iPhone
		{59452E25-103C-4677-AB2A-E0D33B9FBDDA}.Debug|iPhoneSimulator.ActiveCfg = Debug|iPhoneSimulator
		{59452E25-103C-4677-AB2A-E0D33B9FBDDA}.Debug|iPhoneSimulator.Build.0 = Debug|iPhoneSimulator
		{59452E25-103C-4677-AB2A-E0D33B9FBDDA}.Debug|Mixed Platforms.ActiveCfg = Debug|iPhone
		{59452E25-103C-4677-AB2A-E0D33B9FBDDA}.Debug|Mixed Platforms.Build.0 = Debug|iPhone
		{59452E25-103C-4677-AB2A-E0D33B9FBDDA}.Distribution|Any CPU.ActiveCfg = Debug|iPhone
		{59452E25-103C-4677-AB2A-E0D33B9FBDDA}.Distribution|iPhone.ActiveCfg = Debug|iPhone
		{59452E25-103C-4677-AB2A-E0D33B9FBDDA}.Distribution|iPhone.Build.0 = Debug|iPhone
		{59452E25-103C-4677-AB2A-E0D33B9FBDDA}.Distribution|iPhoneSimulator.ActiveCfg = Debug|iPhone
		{59452E25-103C-4677-AB2A-E0D33B9FBDDA}.Distribution|Mixed Platforms.ActiveCfg = Debug|iPhone
		{59452E25-103C-4677-AB2A-E0D33B9FBDDA}.Distribution|Mixed Platforms.Build.0 = Debug|iPhone
		{59452E25-103C-4677-AB2A-E0D33B9FBDDA}.Release|Any CPU.ActiveCfg = Release|Any CPU
		{59452E25-103C-4677-AB2A-E0D33B9FBDDA}.Release|Any CPU.Build.0 = Release|Any CPU
		{59452E25-103C-4677-AB2A-E0D33B9FBDDA}.Release|iPhone.ActiveCfg = Release|iPhone
		{59452E25-103C-4677-AB2A-E0D33B9FBDDA}.Release|iPhone.Build.0 = Release|iPhone
		{59452E25-103C-4677-AB2A-E0D33B9FBDDA}.Release|iPhoneSimulator.ActiveCfg = Release|iPhoneSimulator
		{59452E25-103C-4677-AB2A-E0D33B9FBDDA}.Release|iPhoneSimulator.Build.0 = Release|iPhoneSimulator
		{59452E25-103C-4677-AB2A-E0D33B9FBDDA}.Release|Mixed Platforms.ActiveCfg = Release|iPhone
		{59452E25-103C-4677-AB2A-E0D33B9FBDDA}.Release|Mixed Platforms.Build.0 = Release|iPhone
		{5A53FEAD-499E-4BF2-9E1B-A3E4A426BA3F}.AdHoc|Any CPU.ActiveCfg = AdHoc|iPhone
		{5A53FEAD-499E-4BF2-9E1B-A3E4A426BA3F}.AdHoc|iPhone.ActiveCfg = AdHoc|iPhone
		{5A53FEAD-499E-4BF2-9E1B-A3E4A426BA3F}.AdHoc|iPhone.Build.0 = AdHoc|iPhone
		{5A53FEAD-499E-4BF2-9E1B-A3E4A426BA3F}.AdHoc|iPhoneSimulator.ActiveCfg = AdHoc|iPhoneSimulator
		{5A53FEAD-499E-4BF2-9E1B-A3E4A426BA3F}.AdHoc|iPhoneSimulator.Build.0 = AdHoc|iPhoneSimulator
		{5A53FEAD-499E-4BF2-9E1B-A3E4A426BA3F}.AdHoc|Mixed Platforms.ActiveCfg = AdHoc|iPhone
		{5A53FEAD-499E-4BF2-9E1B-A3E4A426BA3F}.AdHoc|Mixed Platforms.Build.0 = AdHoc|iPhone
		{5A53FEAD-499E-4BF2-9E1B-A3E4A426BA3F}.Debug|Any CPU.ActiveCfg = Debug|iPhone
		{5A53FEAD-499E-4BF2-9E1B-A3E4A426BA3F}.Debug|iPhone.ActiveCfg = Debug|iPhone
		{5A53FEAD-499E-4BF2-9E1B-A3E4A426BA3F}.Debug|iPhone.Build.0 = Debug|iPhone
		{5A53FEAD-499E-4BF2-9E1B-A3E4A426BA3F}.Debug|iPhoneSimulator.ActiveCfg = Debug|iPhoneSimulator
		{5A53FEAD-499E-4BF2-9E1B-A3E4A426BA3F}.Debug|iPhoneSimulator.Build.0 = Debug|iPhoneSimulator
		{5A53FEAD-499E-4BF2-9E1B-A3E4A426BA3F}.Debug|Mixed Platforms.ActiveCfg = Debug|iPhone
		{5A53FEAD-499E-4BF2-9E1B-A3E4A426BA3F}.Debug|Mixed Platforms.Build.0 = Debug|iPhone
		{5A53FEAD-499E-4BF2-9E1B-A3E4A426BA3F}.Distribution|Any CPU.ActiveCfg = Distribution|iPhone
		{5A53FEAD-499E-4BF2-9E1B-A3E4A426BA3F}.Distribution|iPhone.ActiveCfg = Distribution|iPhone
		{5A53FEAD-499E-4BF2-9E1B-A3E4A426BA3F}.Distribution|iPhone.Build.0 = Distribution|iPhone
		{5A53FEAD-499E-4BF2-9E1B-A3E4A426BA3F}.Distribution|iPhoneSimulator.ActiveCfg = Distribution|iPhoneSimulator
		{5A53FEAD-499E-4BF2-9E1B-A3E4A426BA3F}.Distribution|iPhoneSimulator.Build.0 = Distribution|iPhoneSimulator
		{5A53FEAD-499E-4BF2-9E1B-A3E4A426BA3F}.Distribution|Mixed Platforms.ActiveCfg = Distribution|iPhone
		{5A53FEAD-499E-4BF2-9E1B-A3E4A426BA3F}.Distribution|Mixed Platforms.Build.0 = Distribution|iPhone
		{5A53FEAD-499E-4BF2-9E1B-A3E4A426BA3F}.Release|Any CPU.ActiveCfg = Release|iPhone
		{5A53FEAD-499E-4BF2-9E1B-A3E4A426BA3F}.Release|iPhone.ActiveCfg = Release|iPhone
		{5A53FEAD-499E-4BF2-9E1B-A3E4A426BA3F}.Release|iPhone.Build.0 = Release|iPhone
		{5A53FEAD-499E-4BF2-9E1B-A3E4A426BA3F}.Release|iPhoneSimulator.ActiveCfg = Release|iPhoneSimulator
		{5A53FEAD-499E-4BF2-9E1B-A3E4A426BA3F}.Release|iPhoneSimulator.Build.0 = Release|iPhoneSimulator
		{5A53FEAD-499E-4BF2-9E1B-A3E4A426BA3F}.Release|Mixed Platforms.ActiveCfg = Release|iPhone
		{5A53FEAD-499E-4BF2-9E1B-A3E4A426BA3F}.Release|Mixed Platforms.Build.0 = Release|iPhone
		{5B8CF261-197A-48AF-BC7C-899CF81AA187}.AdHoc|Any CPU.ActiveCfg = AdHoc|Any CPU
		{5B8CF261-197A-48AF-BC7C-899CF81AA187}.AdHoc|Any CPU.Build.0 = AdHoc|Any CPU
		{5B8CF261-197A-48AF-BC7C-899CF81AA187}.AdHoc|iPhone.ActiveCfg = AdHoc|iPhone
		{5B8CF261-197A-48AF-BC7C-899CF81AA187}.AdHoc|iPhone.Build.0 = AdHoc|iPhone
		{5B8CF261-197A-48AF-BC7C-899CF81AA187}.AdHoc|iPhoneSimulator.ActiveCfg = AdHoc|iPhoneSimulator
		{5B8CF261-197A-48AF-BC7C-899CF81AA187}.AdHoc|iPhoneSimulator.Build.0 = AdHoc|iPhoneSimulator
		{5B8CF261-197A-48AF-BC7C-899CF81AA187}.AdHoc|Mixed Platforms.ActiveCfg = AdHoc|iPhone
		{5B8CF261-197A-48AF-BC7C-899CF81AA187}.AdHoc|Mixed Platforms.Build.0 = AdHoc|iPhone
		{5B8CF261-197A-48AF-BC7C-899CF81AA187}.Debug|Any CPU.ActiveCfg = Debug|Any CPU
		{5B8CF261-197A-48AF-BC7C-899CF81AA187}.Debug|Any CPU.Build.0 = Debug|Any CPU
		{5B8CF261-197A-48AF-BC7C-899CF81AA187}.Debug|iPhone.ActiveCfg = Debug|iPhone
		{5B8CF261-197A-48AF-BC7C-899CF81AA187}.Debug|iPhone.Build.0 = Debug|iPhone
		{5B8CF261-197A-48AF-BC7C-899CF81AA187}.Debug|iPhoneSimulator.ActiveCfg = Debug|iPhoneSimulator
		{5B8CF261-197A-48AF-BC7C-899CF81AA187}.Debug|iPhoneSimulator.Build.0 = Debug|iPhoneSimulator
		{5B8CF261-197A-48AF-BC7C-899CF81AA187}.Debug|Mixed Platforms.ActiveCfg = Debug|iPhone
		{5B8CF261-197A-48AF-BC7C-899CF81AA187}.Debug|Mixed Platforms.Build.0 = Debug|iPhone
		{5B8CF261-197A-48AF-BC7C-899CF81AA187}.Distribution|Any CPU.ActiveCfg = Debug|iPhone
		{5B8CF261-197A-48AF-BC7C-899CF81AA187}.Distribution|iPhone.ActiveCfg = Debug|iPhone
		{5B8CF261-197A-48AF-BC7C-899CF81AA187}.Distribution|iPhone.Build.0 = Debug|iPhone
		{5B8CF261-197A-48AF-BC7C-899CF81AA187}.Distribution|iPhoneSimulator.ActiveCfg = Debug|iPhone
		{5B8CF261-197A-48AF-BC7C-899CF81AA187}.Distribution|Mixed Platforms.ActiveCfg = Debug|iPhone
		{5B8CF261-197A-48AF-BC7C-899CF81AA187}.Distribution|Mixed Platforms.Build.0 = Debug|iPhone
		{5B8CF261-197A-48AF-BC7C-899CF81AA187}.Release|Any CPU.ActiveCfg = Release|Any CPU
		{5B8CF261-197A-48AF-BC7C-899CF81AA187}.Release|Any CPU.Build.0 = Release|Any CPU
		{5B8CF261-197A-48AF-BC7C-899CF81AA187}.Release|iPhone.ActiveCfg = Release|iPhone
		{5B8CF261-197A-48AF-BC7C-899CF81AA187}.Release|iPhone.Build.0 = Release|iPhone
		{5B8CF261-197A-48AF-BC7C-899CF81AA187}.Release|iPhoneSimulator.ActiveCfg = Release|iPhoneSimulator
		{5B8CF261-197A-48AF-BC7C-899CF81AA187}.Release|iPhoneSimulator.Build.0 = Release|iPhoneSimulator
		{5B8CF261-197A-48AF-BC7C-899CF81AA187}.Release|Mixed Platforms.ActiveCfg = Release|iPhone
		{5B8CF261-197A-48AF-BC7C-899CF81AA187}.Release|Mixed Platforms.Build.0 = Release|iPhone
		{60A80EB8-2056-4771-8600-03A8DA417CFB}.AdHoc|Any CPU.ActiveCfg = Release|Any CPU
		{60A80EB8-2056-4771-8600-03A8DA417CFB}.AdHoc|Any CPU.Build.0 = Release|Any CPU
		{60A80EB8-2056-4771-8600-03A8DA417CFB}.AdHoc|iPhone.ActiveCfg = Release|Any CPU
		{60A80EB8-2056-4771-8600-03A8DA417CFB}.AdHoc|iPhoneSimulator.ActiveCfg = Release|Any CPU
		{60A80EB8-2056-4771-8600-03A8DA417CFB}.AdHoc|Mixed Platforms.ActiveCfg = Release|Any CPU
		{60A80EB8-2056-4771-8600-03A8DA417CFB}.AdHoc|Mixed Platforms.Build.0 = Release|Any CPU
		{60A80EB8-2056-4771-8600-03A8DA417CFB}.Debug|Any CPU.ActiveCfg = Debug|Any CPU
		{60A80EB8-2056-4771-8600-03A8DA417CFB}.Debug|Any CPU.Build.0 = Debug|Any CPU
		{60A80EB8-2056-4771-8600-03A8DA417CFB}.Debug|iPhone.ActiveCfg = Debug|Any CPU
		{60A80EB8-2056-4771-8600-03A8DA417CFB}.Debug|iPhoneSimulator.ActiveCfg = Debug|Any CPU
		{60A80EB8-2056-4771-8600-03A8DA417CFB}.Debug|iPhoneSimulator.Build.0 = Debug|Any CPU
		{60A80EB8-2056-4771-8600-03A8DA417CFB}.Debug|Mixed Platforms.ActiveCfg = Debug|Any CPU
		{60A80EB8-2056-4771-8600-03A8DA417CFB}.Debug|Mixed Platforms.Build.0 = Debug|Any CPU
		{60A80EB8-2056-4771-8600-03A8DA417CFB}.Distribution|Any CPU.ActiveCfg = Debug|Any CPU
		{60A80EB8-2056-4771-8600-03A8DA417CFB}.Distribution|Any CPU.Build.0 = Debug|Any CPU
		{60A80EB8-2056-4771-8600-03A8DA417CFB}.Distribution|iPhone.ActiveCfg = Debug|Any CPU
		{60A80EB8-2056-4771-8600-03A8DA417CFB}.Distribution|iPhoneSimulator.ActiveCfg = Debug|Any CPU
		{60A80EB8-2056-4771-8600-03A8DA417CFB}.Distribution|Mixed Platforms.ActiveCfg = Debug|Any CPU
		{60A80EB8-2056-4771-8600-03A8DA417CFB}.Distribution|Mixed Platforms.Build.0 = Debug|Any CPU
		{60A80EB8-2056-4771-8600-03A8DA417CFB}.Release|Any CPU.ActiveCfg = Release|Any CPU
		{60A80EB8-2056-4771-8600-03A8DA417CFB}.Release|Any CPU.Build.0 = Release|Any CPU
		{60A80EB8-2056-4771-8600-03A8DA417CFB}.Release|iPhone.ActiveCfg = Release|Any CPU
		{60A80EB8-2056-4771-8600-03A8DA417CFB}.Release|iPhoneSimulator.ActiveCfg = Release|Any CPU
		{60A80EB8-2056-4771-8600-03A8DA417CFB}.Release|Mixed Platforms.ActiveCfg = Release|Any CPU
		{60A80EB8-2056-4771-8600-03A8DA417CFB}.Release|Mixed Platforms.Build.0 = Release|Any CPU
		{64DCD397-9019-41E8-A928-E5F5C5DF185B}.AdHoc|Any CPU.ActiveCfg = Release|Any CPU
		{64DCD397-9019-41E8-A928-E5F5C5DF185B}.AdHoc|Any CPU.Build.0 = Release|Any CPU
		{64DCD397-9019-41E8-A928-E5F5C5DF185B}.AdHoc|iPhone.ActiveCfg = Release|Any CPU
		{64DCD397-9019-41E8-A928-E5F5C5DF185B}.AdHoc|iPhoneSimulator.ActiveCfg = Release|Any CPU
		{64DCD397-9019-41E8-A928-E5F5C5DF185B}.AdHoc|Mixed Platforms.ActiveCfg = Release|Any CPU
		{64DCD397-9019-41E8-A928-E5F5C5DF185B}.AdHoc|Mixed Platforms.Build.0 = Release|Any CPU
		{64DCD397-9019-41E8-A928-E5F5C5DF185B}.Debug|Any CPU.ActiveCfg = Debug|Any CPU
		{64DCD397-9019-41E8-A928-E5F5C5DF185B}.Debug|Any CPU.Build.0 = Debug|Any CPU
		{64DCD397-9019-41E8-A928-E5F5C5DF185B}.Debug|iPhone.ActiveCfg = Debug|Any CPU
		{64DCD397-9019-41E8-A928-E5F5C5DF185B}.Debug|iPhoneSimulator.ActiveCfg = Debug|Any CPU
		{64DCD397-9019-41E8-A928-E5F5C5DF185B}.Debug|iPhoneSimulator.Build.0 = Debug|Any CPU
		{64DCD397-9019-41E8-A928-E5F5C5DF185B}.Debug|Mixed Platforms.ActiveCfg = Debug|Any CPU
		{64DCD397-9019-41E8-A928-E5F5C5DF185B}.Debug|Mixed Platforms.Build.0 = Debug|Any CPU
		{64DCD397-9019-41E8-A928-E5F5C5DF185B}.Distribution|Any CPU.ActiveCfg = Debug|Any CPU
		{64DCD397-9019-41E8-A928-E5F5C5DF185B}.Distribution|Any CPU.Build.0 = Debug|Any CPU
		{64DCD397-9019-41E8-A928-E5F5C5DF185B}.Distribution|iPhone.ActiveCfg = Debug|Any CPU
		{64DCD397-9019-41E8-A928-E5F5C5DF185B}.Distribution|iPhoneSimulator.ActiveCfg = Debug|Any CPU
		{64DCD397-9019-41E8-A928-E5F5C5DF185B}.Distribution|Mixed Platforms.ActiveCfg = Debug|Any CPU
		{64DCD397-9019-41E8-A928-E5F5C5DF185B}.Distribution|Mixed Platforms.Build.0 = Debug|Any CPU
		{64DCD397-9019-41E8-A928-E5F5C5DF185B}.Release|Any CPU.ActiveCfg = Release|Any CPU
		{64DCD397-9019-41E8-A928-E5F5C5DF185B}.Release|Any CPU.Build.0 = Release|Any CPU
		{64DCD397-9019-41E8-A928-E5F5C5DF185B}.Release|iPhone.ActiveCfg = Release|Any CPU
		{64DCD397-9019-41E8-A928-E5F5C5DF185B}.Release|iPhoneSimulator.ActiveCfg = Release|Any CPU
		{64DCD397-9019-41E8-A928-E5F5C5DF185B}.Release|Mixed Platforms.ActiveCfg = Release|Any CPU
		{64DCD397-9019-41E8-A928-E5F5C5DF185B}.Release|Mixed Platforms.Build.0 = Release|Any CPU
		{72D13EE1-53A3-4A9F-9281-AE44CC5E92AC}.AdHoc|Any CPU.ActiveCfg = Release|Any CPU
		{72D13EE1-53A3-4A9F-9281-AE44CC5E92AC}.AdHoc|Any CPU.Build.0 = Release|Any CPU
		{72D13EE1-53A3-4A9F-9281-AE44CC5E92AC}.AdHoc|iPhone.ActiveCfg = Release|Any CPU
		{72D13EE1-53A3-4A9F-9281-AE44CC5E92AC}.AdHoc|iPhoneSimulator.ActiveCfg = Release|Any CPU
		{72D13EE1-53A3-4A9F-9281-AE44CC5E92AC}.AdHoc|Mixed Platforms.ActiveCfg = Release|Any CPU
		{72D13EE1-53A3-4A9F-9281-AE44CC5E92AC}.AdHoc|Mixed Platforms.Build.0 = Release|Any CPU
		{72D13EE1-53A3-4A9F-9281-AE44CC5E92AC}.Debug|Any CPU.ActiveCfg = Debug|Any CPU
		{72D13EE1-53A3-4A9F-9281-AE44CC5E92AC}.Debug|Any CPU.Build.0 = Debug|Any CPU
		{72D13EE1-53A3-4A9F-9281-AE44CC5E92AC}.Debug|iPhone.ActiveCfg = Debug|Any CPU
		{72D13EE1-53A3-4A9F-9281-AE44CC5E92AC}.Debug|iPhoneSimulator.ActiveCfg = Debug|Any CPU
		{72D13EE1-53A3-4A9F-9281-AE44CC5E92AC}.Debug|Mixed Platforms.ActiveCfg = Debug|Any CPU
		{72D13EE1-53A3-4A9F-9281-AE44CC5E92AC}.Debug|Mixed Platforms.Build.0 = Debug|Any CPU
		{72D13EE1-53A3-4A9F-9281-AE44CC5E92AC}.Distribution|Any CPU.ActiveCfg = Debug|Any CPU
		{72D13EE1-53A3-4A9F-9281-AE44CC5E92AC}.Distribution|Any CPU.Build.0 = Debug|Any CPU
		{72D13EE1-53A3-4A9F-9281-AE44CC5E92AC}.Distribution|iPhone.ActiveCfg = Debug|Any CPU
		{72D13EE1-53A3-4A9F-9281-AE44CC5E92AC}.Distribution|iPhoneSimulator.ActiveCfg = Debug|Any CPU
		{72D13EE1-53A3-4A9F-9281-AE44CC5E92AC}.Distribution|Mixed Platforms.ActiveCfg = Debug|Any CPU
		{72D13EE1-53A3-4A9F-9281-AE44CC5E92AC}.Distribution|Mixed Platforms.Build.0 = Debug|Any CPU
		{72D13EE1-53A3-4A9F-9281-AE44CC5E92AC}.Release|Any CPU.ActiveCfg = Release|Any CPU
		{72D13EE1-53A3-4A9F-9281-AE44CC5E92AC}.Release|Any CPU.Build.0 = Release|Any CPU
		{72D13EE1-53A3-4A9F-9281-AE44CC5E92AC}.Release|iPhone.ActiveCfg = Release|Any CPU
		{72D13EE1-53A3-4A9F-9281-AE44CC5E92AC}.Release|iPhoneSimulator.ActiveCfg = Release|Any CPU
		{72D13EE1-53A3-4A9F-9281-AE44CC5E92AC}.Release|Mixed Platforms.ActiveCfg = Release|Any CPU
		{72D13EE1-53A3-4A9F-9281-AE44CC5E92AC}.Release|Mixed Platforms.Build.0 = Release|Any CPU
		{7674877F-3932-47CF-B50D-305DCD1A2692}.AdHoc|Any CPU.ActiveCfg = Release|Any CPU
		{7674877F-3932-47CF-B50D-305DCD1A2692}.AdHoc|Any CPU.Build.0 = Release|Any CPU
		{7674877F-3932-47CF-B50D-305DCD1A2692}.AdHoc|iPhone.ActiveCfg = Release|Any CPU
		{7674877F-3932-47CF-B50D-305DCD1A2692}.AdHoc|iPhoneSimulator.ActiveCfg = Release|Any CPU
		{7674877F-3932-47CF-B50D-305DCD1A2692}.AdHoc|Mixed Platforms.ActiveCfg = Release|Any CPU
		{7674877F-3932-47CF-B50D-305DCD1A2692}.AdHoc|Mixed Platforms.Build.0 = Release|Any CPU
		{7674877F-3932-47CF-B50D-305DCD1A2692}.Debug|Any CPU.ActiveCfg = Debug|Any CPU
		{7674877F-3932-47CF-B50D-305DCD1A2692}.Debug|Any CPU.Build.0 = Debug|Any CPU
		{7674877F-3932-47CF-B50D-305DCD1A2692}.Debug|iPhone.ActiveCfg = Debug|Any CPU
		{7674877F-3932-47CF-B50D-305DCD1A2692}.Debug|iPhoneSimulator.ActiveCfg = Debug|Any CPU
		{7674877F-3932-47CF-B50D-305DCD1A2692}.Debug|Mixed Platforms.ActiveCfg = Debug|Any CPU
		{7674877F-3932-47CF-B50D-305DCD1A2692}.Debug|Mixed Platforms.Build.0 = Debug|Any CPU
		{7674877F-3932-47CF-B50D-305DCD1A2692}.Distribution|Any CPU.ActiveCfg = Debug|Any CPU
		{7674877F-3932-47CF-B50D-305DCD1A2692}.Distribution|Any CPU.Build.0 = Debug|Any CPU
		{7674877F-3932-47CF-B50D-305DCD1A2692}.Distribution|iPhone.ActiveCfg = Debug|Any CPU
		{7674877F-3932-47CF-B50D-305DCD1A2692}.Distribution|iPhoneSimulator.ActiveCfg = Debug|Any CPU
		{7674877F-3932-47CF-B50D-305DCD1A2692}.Distribution|Mixed Platforms.ActiveCfg = Debug|Any CPU
		{7674877F-3932-47CF-B50D-305DCD1A2692}.Distribution|Mixed Platforms.Build.0 = Debug|Any CPU
		{7674877F-3932-47CF-B50D-305DCD1A2692}.Release|Any CPU.ActiveCfg = Release|Any CPU
		{7674877F-3932-47CF-B50D-305DCD1A2692}.Release|Any CPU.Build.0 = Release|Any CPU
		{7674877F-3932-47CF-B50D-305DCD1A2692}.Release|iPhone.ActiveCfg = Release|Any CPU
		{7674877F-3932-47CF-B50D-305DCD1A2692}.Release|iPhoneSimulator.ActiveCfg = Release|Any CPU
		{7674877F-3932-47CF-B50D-305DCD1A2692}.Release|Mixed Platforms.ActiveCfg = Release|Any CPU
		{7674877F-3932-47CF-B50D-305DCD1A2692}.Release|Mixed Platforms.Build.0 = Release|Any CPU
		{7A6BE137-D0F1-46A1-AE5C-81FAEEDDDF02}.AdHoc|Any CPU.ActiveCfg = Release|Any CPU
		{7A6BE137-D0F1-46A1-AE5C-81FAEEDDDF02}.AdHoc|Any CPU.Build.0 = Release|Any CPU
		{7A6BE137-D0F1-46A1-AE5C-81FAEEDDDF02}.AdHoc|iPhone.ActiveCfg = Release|Any CPU
		{7A6BE137-D0F1-46A1-AE5C-81FAEEDDDF02}.AdHoc|iPhoneSimulator.ActiveCfg = Release|Any CPU
		{7A6BE137-D0F1-46A1-AE5C-81FAEEDDDF02}.AdHoc|Mixed Platforms.ActiveCfg = Release|Any CPU
		{7A6BE137-D0F1-46A1-AE5C-81FAEEDDDF02}.AdHoc|Mixed Platforms.Build.0 = Release|Any CPU
		{7A6BE137-D0F1-46A1-AE5C-81FAEEDDDF02}.Debug|Any CPU.ActiveCfg = Debug|Any CPU
		{7A6BE137-D0F1-46A1-AE5C-81FAEEDDDF02}.Debug|Any CPU.Build.0 = Debug|Any CPU
		{7A6BE137-D0F1-46A1-AE5C-81FAEEDDDF02}.Debug|iPhone.ActiveCfg = Debug|Any CPU
		{7A6BE137-D0F1-46A1-AE5C-81FAEEDDDF02}.Debug|iPhoneSimulator.ActiveCfg = Debug|Any CPU
		{7A6BE137-D0F1-46A1-AE5C-81FAEEDDDF02}.Debug|Mixed Platforms.ActiveCfg = Debug|Any CPU
		{7A6BE137-D0F1-46A1-AE5C-81FAEEDDDF02}.Debug|Mixed Platforms.Build.0 = Debug|Any CPU
		{7A6BE137-D0F1-46A1-AE5C-81FAEEDDDF02}.Distribution|Any CPU.ActiveCfg = Debug|Any CPU
		{7A6BE137-D0F1-46A1-AE5C-81FAEEDDDF02}.Distribution|Any CPU.Build.0 = Debug|Any CPU
		{7A6BE137-D0F1-46A1-AE5C-81FAEEDDDF02}.Distribution|iPhone.ActiveCfg = Debug|Any CPU
		{7A6BE137-D0F1-46A1-AE5C-81FAEEDDDF02}.Distribution|iPhoneSimulator.ActiveCfg = Debug|Any CPU
		{7A6BE137-D0F1-46A1-AE5C-81FAEEDDDF02}.Distribution|Mixed Platforms.ActiveCfg = Debug|Any CPU
		{7A6BE137-D0F1-46A1-AE5C-81FAEEDDDF02}.Distribution|Mixed Platforms.Build.0 = Debug|Any CPU
		{7A6BE137-D0F1-46A1-AE5C-81FAEEDDDF02}.Release|Any CPU.ActiveCfg = Release|Any CPU
		{7A6BE137-D0F1-46A1-AE5C-81FAEEDDDF02}.Release|Any CPU.Build.0 = Release|Any CPU
		{7A6BE137-D0F1-46A1-AE5C-81FAEEDDDF02}.Release|iPhone.ActiveCfg = Release|Any CPU
		{7A6BE137-D0F1-46A1-AE5C-81FAEEDDDF02}.Release|iPhoneSimulator.ActiveCfg = Release|Any CPU
		{7A6BE137-D0F1-46A1-AE5C-81FAEEDDDF02}.Release|Mixed Platforms.ActiveCfg = Release|Any CPU
		{7A6BE137-D0F1-46A1-AE5C-81FAEEDDDF02}.Release|Mixed Platforms.Build.0 = Release|Any CPU
		{7B774D3A-9136-4ED8-B2D6-09E577F9EC63}.AdHoc|Any CPU.ActiveCfg = Release|Any CPU
		{7B774D3A-9136-4ED8-B2D6-09E577F9EC63}.AdHoc|Any CPU.Build.0 = Release|Any CPU
		{7B774D3A-9136-4ED8-B2D6-09E577F9EC63}.AdHoc|iPhone.ActiveCfg = Release|Any CPU
		{7B774D3A-9136-4ED8-B2D6-09E577F9EC63}.AdHoc|iPhoneSimulator.ActiveCfg = Release|Any CPU
		{7B774D3A-9136-4ED8-B2D6-09E577F9EC63}.AdHoc|Mixed Platforms.ActiveCfg = Release|Any CPU
		{7B774D3A-9136-4ED8-B2D6-09E577F9EC63}.AdHoc|Mixed Platforms.Build.0 = Release|Any CPU
		{7B774D3A-9136-4ED8-B2D6-09E577F9EC63}.Debug|Any CPU.ActiveCfg = Debug|Any CPU
		{7B774D3A-9136-4ED8-B2D6-09E577F9EC63}.Debug|Any CPU.Build.0 = Debug|Any CPU
		{7B774D3A-9136-4ED8-B2D6-09E577F9EC63}.Debug|iPhone.ActiveCfg = Debug|Any CPU
		{7B774D3A-9136-4ED8-B2D6-09E577F9EC63}.Debug|iPhoneSimulator.ActiveCfg = Debug|Any CPU
		{7B774D3A-9136-4ED8-B2D6-09E577F9EC63}.Debug|Mixed Platforms.ActiveCfg = Debug|Any CPU
		{7B774D3A-9136-4ED8-B2D6-09E577F9EC63}.Debug|Mixed Platforms.Build.0 = Debug|Any CPU
		{7B774D3A-9136-4ED8-B2D6-09E577F9EC63}.Distribution|Any CPU.ActiveCfg = Debug|Any CPU
		{7B774D3A-9136-4ED8-B2D6-09E577F9EC63}.Distribution|Any CPU.Build.0 = Debug|Any CPU
		{7B774D3A-9136-4ED8-B2D6-09E577F9EC63}.Distribution|iPhone.ActiveCfg = Debug|Any CPU
		{7B774D3A-9136-4ED8-B2D6-09E577F9EC63}.Distribution|iPhoneSimulator.ActiveCfg = Debug|Any CPU
		{7B774D3A-9136-4ED8-B2D6-09E577F9EC63}.Distribution|Mixed Platforms.ActiveCfg = Debug|Any CPU
		{7B774D3A-9136-4ED8-B2D6-09E577F9EC63}.Distribution|Mixed Platforms.Build.0 = Debug|Any CPU
		{7B774D3A-9136-4ED8-B2D6-09E577F9EC63}.Release|Any CPU.ActiveCfg = Release|Any CPU
		{7B774D3A-9136-4ED8-B2D6-09E577F9EC63}.Release|Any CPU.Build.0 = Release|Any CPU
		{7B774D3A-9136-4ED8-B2D6-09E577F9EC63}.Release|iPhone.ActiveCfg = Release|Any CPU
		{7B774D3A-9136-4ED8-B2D6-09E577F9EC63}.Release|iPhoneSimulator.ActiveCfg = Release|Any CPU
		{7B774D3A-9136-4ED8-B2D6-09E577F9EC63}.Release|Mixed Platforms.ActiveCfg = Release|Any CPU
		{7B774D3A-9136-4ED8-B2D6-09E577F9EC63}.Release|Mixed Platforms.Build.0 = Release|Any CPU
		{81A58551-7D1C-4687-A5A5-C73EB5F15563}.AdHoc|Any CPU.ActiveCfg = Release|Any CPU
		{81A58551-7D1C-4687-A5A5-C73EB5F15563}.AdHoc|Any CPU.Build.0 = Release|Any CPU
		{81A58551-7D1C-4687-A5A5-C73EB5F15563}.AdHoc|iPhone.ActiveCfg = Release|Any CPU
		{81A58551-7D1C-4687-A5A5-C73EB5F15563}.AdHoc|iPhoneSimulator.ActiveCfg = Release|Any CPU
		{81A58551-7D1C-4687-A5A5-C73EB5F15563}.AdHoc|Mixed Platforms.ActiveCfg = Release|Any CPU
		{81A58551-7D1C-4687-A5A5-C73EB5F15563}.AdHoc|Mixed Platforms.Build.0 = Release|Any CPU
		{81A58551-7D1C-4687-A5A5-C73EB5F15563}.Debug|Any CPU.ActiveCfg = Debug|Any CPU
		{81A58551-7D1C-4687-A5A5-C73EB5F15563}.Debug|Any CPU.Build.0 = Debug|Any CPU
		{81A58551-7D1C-4687-A5A5-C73EB5F15563}.Debug|iPhone.ActiveCfg = Debug|Any CPU
		{81A58551-7D1C-4687-A5A5-C73EB5F15563}.Debug|iPhoneSimulator.ActiveCfg = Debug|Any CPU
		{81A58551-7D1C-4687-A5A5-C73EB5F15563}.Debug|Mixed Platforms.ActiveCfg = Debug|Any CPU
		{81A58551-7D1C-4687-A5A5-C73EB5F15563}.Debug|Mixed Platforms.Build.0 = Debug|Any CPU
		{81A58551-7D1C-4687-A5A5-C73EB5F15563}.Distribution|Any CPU.ActiveCfg = Debug|Any CPU
		{81A58551-7D1C-4687-A5A5-C73EB5F15563}.Distribution|Any CPU.Build.0 = Debug|Any CPU
		{81A58551-7D1C-4687-A5A5-C73EB5F15563}.Distribution|iPhone.ActiveCfg = Debug|Any CPU
		{81A58551-7D1C-4687-A5A5-C73EB5F15563}.Distribution|iPhoneSimulator.ActiveCfg = Debug|Any CPU
		{81A58551-7D1C-4687-A5A5-C73EB5F15563}.Distribution|Mixed Platforms.ActiveCfg = Debug|Any CPU
		{81A58551-7D1C-4687-A5A5-C73EB5F15563}.Distribution|Mixed Platforms.Build.0 = Debug|Any CPU
		{81A58551-7D1C-4687-A5A5-C73EB5F15563}.Release|Any CPU.ActiveCfg = Release|Any CPU
		{81A58551-7D1C-4687-A5A5-C73EB5F15563}.Release|Any CPU.Build.0 = Release|Any CPU
		{81A58551-7D1C-4687-A5A5-C73EB5F15563}.Release|iPhone.ActiveCfg = Release|Any CPU
		{81A58551-7D1C-4687-A5A5-C73EB5F15563}.Release|iPhoneSimulator.ActiveCfg = Release|Any CPU
		{81A58551-7D1C-4687-A5A5-C73EB5F15563}.Release|Mixed Platforms.ActiveCfg = Release|Any CPU
		{81A58551-7D1C-4687-A5A5-C73EB5F15563}.Release|Mixed Platforms.Build.0 = Release|Any CPU
		{8E35FADF-4690-4044-BA12-EB6011BA7486}.AdHoc|Any CPU.ActiveCfg = Release|iPhone
		{8E35FADF-4690-4044-BA12-EB6011BA7486}.AdHoc|iPhone.ActiveCfg = Release|iPhone
		{8E35FADF-4690-4044-BA12-EB6011BA7486}.AdHoc|iPhone.Build.0 = Release|iPhone
		{8E35FADF-4690-4044-BA12-EB6011BA7486}.AdHoc|iPhoneSimulator.ActiveCfg = Release|iPhone
		{8E35FADF-4690-4044-BA12-EB6011BA7486}.AdHoc|Mixed Platforms.ActiveCfg = Release|iPhone
		{8E35FADF-4690-4044-BA12-EB6011BA7486}.AdHoc|Mixed Platforms.Build.0 = Release|iPhone
		{8E35FADF-4690-4044-BA12-EB6011BA7486}.Debug|Any CPU.ActiveCfg = Debug|iPhone
		{8E35FADF-4690-4044-BA12-EB6011BA7486}.Debug|iPhone.ActiveCfg = Debug|iPhone
		{8E35FADF-4690-4044-BA12-EB6011BA7486}.Debug|iPhone.Build.0 = Debug|iPhone
		{8E35FADF-4690-4044-BA12-EB6011BA7486}.Debug|iPhoneSimulator.ActiveCfg = Debug|iPhoneSimulator
		{8E35FADF-4690-4044-BA12-EB6011BA7486}.Debug|iPhoneSimulator.Build.0 = Debug|iPhoneSimulator
		{8E35FADF-4690-4044-BA12-EB6011BA7486}.Debug|Mixed Platforms.ActiveCfg = Debug|iPhone
		{8E35FADF-4690-4044-BA12-EB6011BA7486}.Debug|Mixed Platforms.Build.0 = Debug|iPhone
		{8E35FADF-4690-4044-BA12-EB6011BA7486}.Distribution|Any CPU.ActiveCfg = Debug|iPhone
		{8E35FADF-4690-4044-BA12-EB6011BA7486}.Distribution|iPhone.ActiveCfg = Debug|iPhone
		{8E35FADF-4690-4044-BA12-EB6011BA7486}.Distribution|iPhone.Build.0 = Debug|iPhone
		{8E35FADF-4690-4044-BA12-EB6011BA7486}.Distribution|iPhoneSimulator.ActiveCfg = Debug|iPhone
		{8E35FADF-4690-4044-BA12-EB6011BA7486}.Distribution|Mixed Platforms.ActiveCfg = Debug|iPhone
		{8E35FADF-4690-4044-BA12-EB6011BA7486}.Distribution|Mixed Platforms.Build.0 = Debug|iPhone
		{8E35FADF-4690-4044-BA12-EB6011BA7486}.Release|Any CPU.ActiveCfg = Release|iPhone
		{8E35FADF-4690-4044-BA12-EB6011BA7486}.Release|iPhone.ActiveCfg = Release|iPhone
		{8E35FADF-4690-4044-BA12-EB6011BA7486}.Release|iPhone.Build.0 = Release|iPhone
		{8E35FADF-4690-4044-BA12-EB6011BA7486}.Release|iPhoneSimulator.ActiveCfg = Release|iPhoneSimulator
		{8E35FADF-4690-4044-BA12-EB6011BA7486}.Release|iPhoneSimulator.Build.0 = Release|iPhoneSimulator
		{8E35FADF-4690-4044-BA12-EB6011BA7486}.Release|Mixed Platforms.ActiveCfg = Release|iPhone
		{8E35FADF-4690-4044-BA12-EB6011BA7486}.Release|Mixed Platforms.Build.0 = Release|iPhone
		{913B13B5-7B2C-4DDA-BECB-DADC827ED895}.AdHoc|Any CPU.ActiveCfg = AdHoc|iPhone
		{913B13B5-7B2C-4DDA-BECB-DADC827ED895}.AdHoc|iPhone.ActiveCfg = AdHoc|iPhone
		{913B13B5-7B2C-4DDA-BECB-DADC827ED895}.AdHoc|iPhone.Build.0 = AdHoc|iPhone
		{913B13B5-7B2C-4DDA-BECB-DADC827ED895}.AdHoc|iPhoneSimulator.ActiveCfg = AdHoc|iPhoneSimulator
		{913B13B5-7B2C-4DDA-BECB-DADC827ED895}.AdHoc|iPhoneSimulator.Build.0 = AdHoc|iPhoneSimulator
		{913B13B5-7B2C-4DDA-BECB-DADC827ED895}.AdHoc|Mixed Platforms.ActiveCfg = AdHoc|iPhone
		{913B13B5-7B2C-4DDA-BECB-DADC827ED895}.AdHoc|Mixed Platforms.Build.0 = AdHoc|iPhone
		{913B13B5-7B2C-4DDA-BECB-DADC827ED895}.Debug|Any CPU.ActiveCfg = Debug|iPhone
		{913B13B5-7B2C-4DDA-BECB-DADC827ED895}.Debug|iPhone.ActiveCfg = Debug|iPhone
		{913B13B5-7B2C-4DDA-BECB-DADC827ED895}.Debug|iPhone.Build.0 = Debug|iPhone
		{913B13B5-7B2C-4DDA-BECB-DADC827ED895}.Debug|iPhoneSimulator.ActiveCfg = Debug|iPhoneSimulator
		{913B13B5-7B2C-4DDA-BECB-DADC827ED895}.Debug|iPhoneSimulator.Build.0 = Debug|iPhoneSimulator
		{913B13B5-7B2C-4DDA-BECB-DADC827ED895}.Debug|Mixed Platforms.ActiveCfg = Debug|iPhone
		{913B13B5-7B2C-4DDA-BECB-DADC827ED895}.Debug|Mixed Platforms.Build.0 = Debug|iPhone
		{913B13B5-7B2C-4DDA-BECB-DADC827ED895}.Distribution|Any CPU.ActiveCfg = Debug|iPhone
		{913B13B5-7B2C-4DDA-BECB-DADC827ED895}.Distribution|iPhone.ActiveCfg = Debug|iPhone
		{913B13B5-7B2C-4DDA-BECB-DADC827ED895}.Distribution|iPhone.Build.0 = Debug|iPhone
		{913B13B5-7B2C-4DDA-BECB-DADC827ED895}.Distribution|iPhoneSimulator.ActiveCfg = Debug|iPhone
		{913B13B5-7B2C-4DDA-BECB-DADC827ED895}.Distribution|Mixed Platforms.ActiveCfg = Debug|iPhone
		{913B13B5-7B2C-4DDA-BECB-DADC827ED895}.Distribution|Mixed Platforms.Build.0 = Debug|iPhone
		{913B13B5-7B2C-4DDA-BECB-DADC827ED895}.Release|Any CPU.ActiveCfg = Release|iPhone
		{913B13B5-7B2C-4DDA-BECB-DADC827ED895}.Release|iPhone.ActiveCfg = Release|iPhone
		{913B13B5-7B2C-4DDA-BECB-DADC827ED895}.Release|iPhone.Build.0 = Release|iPhone
		{913B13B5-7B2C-4DDA-BECB-DADC827ED895}.Release|iPhoneSimulator.ActiveCfg = Release|iPhoneSimulator
		{913B13B5-7B2C-4DDA-BECB-DADC827ED895}.Release|iPhoneSimulator.Build.0 = Release|iPhoneSimulator
		{913B13B5-7B2C-4DDA-BECB-DADC827ED895}.Release|Mixed Platforms.ActiveCfg = Release|iPhone
		{913B13B5-7B2C-4DDA-BECB-DADC827ED895}.Release|Mixed Platforms.Build.0 = Release|iPhone
		{9499E72B-FD7C-4A9B-AB6C-0F9B7359257C}.AdHoc|Any CPU.ActiveCfg = AdHoc|Any CPU
		{9499E72B-FD7C-4A9B-AB6C-0F9B7359257C}.AdHoc|Any CPU.Build.0 = AdHoc|Any CPU
		{9499E72B-FD7C-4A9B-AB6C-0F9B7359257C}.AdHoc|iPhone.ActiveCfg = AdHoc|iPhone
		{9499E72B-FD7C-4A9B-AB6C-0F9B7359257C}.AdHoc|iPhone.Build.0 = AdHoc|iPhone
		{9499E72B-FD7C-4A9B-AB6C-0F9B7359257C}.AdHoc|iPhoneSimulator.ActiveCfg = AdHoc|iPhoneSimulator
		{9499E72B-FD7C-4A9B-AB6C-0F9B7359257C}.AdHoc|iPhoneSimulator.Build.0 = AdHoc|iPhoneSimulator
		{9499E72B-FD7C-4A9B-AB6C-0F9B7359257C}.AdHoc|Mixed Platforms.ActiveCfg = AdHoc|iPhone
		{9499E72B-FD7C-4A9B-AB6C-0F9B7359257C}.AdHoc|Mixed Platforms.Build.0 = AdHoc|iPhone
		{9499E72B-FD7C-4A9B-AB6C-0F9B7359257C}.Debug|Any CPU.ActiveCfg = Debug|Any CPU
		{9499E72B-FD7C-4A9B-AB6C-0F9B7359257C}.Debug|Any CPU.Build.0 = Debug|Any CPU
		{9499E72B-FD7C-4A9B-AB6C-0F9B7359257C}.Debug|iPhone.ActiveCfg = Debug|iPhone
		{9499E72B-FD7C-4A9B-AB6C-0F9B7359257C}.Debug|iPhone.Build.0 = Debug|iPhone
		{9499E72B-FD7C-4A9B-AB6C-0F9B7359257C}.Debug|iPhoneSimulator.ActiveCfg = Debug|iPhoneSimulator
		{9499E72B-FD7C-4A9B-AB6C-0F9B7359257C}.Debug|iPhoneSimulator.Build.0 = Debug|iPhoneSimulator
		{9499E72B-FD7C-4A9B-AB6C-0F9B7359257C}.Debug|Mixed Platforms.ActiveCfg = Debug|iPhone
		{9499E72B-FD7C-4A9B-AB6C-0F9B7359257C}.Debug|Mixed Platforms.Build.0 = Debug|iPhone
		{9499E72B-FD7C-4A9B-AB6C-0F9B7359257C}.Distribution|Any CPU.ActiveCfg = Debug|iPhone
		{9499E72B-FD7C-4A9B-AB6C-0F9B7359257C}.Distribution|iPhone.ActiveCfg = Debug|iPhone
		{9499E72B-FD7C-4A9B-AB6C-0F9B7359257C}.Distribution|iPhone.Build.0 = Debug|iPhone
		{9499E72B-FD7C-4A9B-AB6C-0F9B7359257C}.Distribution|iPhoneSimulator.ActiveCfg = Debug|iPhone
		{9499E72B-FD7C-4A9B-AB6C-0F9B7359257C}.Distribution|Mixed Platforms.ActiveCfg = Debug|iPhone
		{9499E72B-FD7C-4A9B-AB6C-0F9B7359257C}.Distribution|Mixed Platforms.Build.0 = Debug|iPhone
		{9499E72B-FD7C-4A9B-AB6C-0F9B7359257C}.Release|Any CPU.ActiveCfg = Release|Any CPU
		{9499E72B-FD7C-4A9B-AB6C-0F9B7359257C}.Release|Any CPU.Build.0 = Release|Any CPU
		{9499E72B-FD7C-4A9B-AB6C-0F9B7359257C}.Release|iPhone.ActiveCfg = Release|iPhone
		{9499E72B-FD7C-4A9B-AB6C-0F9B7359257C}.Release|iPhone.Build.0 = Release|iPhone
		{9499E72B-FD7C-4A9B-AB6C-0F9B7359257C}.Release|iPhoneSimulator.ActiveCfg = Release|iPhoneSimulator
		{9499E72B-FD7C-4A9B-AB6C-0F9B7359257C}.Release|iPhoneSimulator.Build.0 = Release|iPhoneSimulator
		{9499E72B-FD7C-4A9B-AB6C-0F9B7359257C}.Release|Mixed Platforms.ActiveCfg = Release|iPhone
		{9499E72B-FD7C-4A9B-AB6C-0F9B7359257C}.Release|Mixed Platforms.Build.0 = Release|iPhone
		{ADF2B817-69E9-4852-82A0-452B23DEBB8C}.AdHoc|Any CPU.ActiveCfg = Release|Any CPU
		{ADF2B817-69E9-4852-82A0-452B23DEBB8C}.AdHoc|Any CPU.Build.0 = Release|Any CPU
		{ADF2B817-69E9-4852-82A0-452B23DEBB8C}.AdHoc|iPhone.ActiveCfg = Release|Any CPU
		{ADF2B817-69E9-4852-82A0-452B23DEBB8C}.AdHoc|iPhoneSimulator.ActiveCfg = Release|Any CPU
		{ADF2B817-69E9-4852-82A0-452B23DEBB8C}.AdHoc|Mixed Platforms.ActiveCfg = Release|Any CPU
		{ADF2B817-69E9-4852-82A0-452B23DEBB8C}.AdHoc|Mixed Platforms.Build.0 = Release|Any CPU
		{ADF2B817-69E9-4852-82A0-452B23DEBB8C}.Debug|Any CPU.ActiveCfg = Debug|Any CPU
		{ADF2B817-69E9-4852-82A0-452B23DEBB8C}.Debug|Any CPU.Build.0 = Debug|Any CPU
		{ADF2B817-69E9-4852-82A0-452B23DEBB8C}.Debug|iPhone.ActiveCfg = Debug|Any CPU
		{ADF2B817-69E9-4852-82A0-452B23DEBB8C}.Debug|iPhoneSimulator.ActiveCfg = Debug|Any CPU
		{ADF2B817-69E9-4852-82A0-452B23DEBB8C}.Debug|Mixed Platforms.ActiveCfg = Debug|Any CPU
		{ADF2B817-69E9-4852-82A0-452B23DEBB8C}.Debug|Mixed Platforms.Build.0 = Debug|Any CPU
		{ADF2B817-69E9-4852-82A0-452B23DEBB8C}.Distribution|Any CPU.ActiveCfg = Debug|Any CPU
		{ADF2B817-69E9-4852-82A0-452B23DEBB8C}.Distribution|Any CPU.Build.0 = Debug|Any CPU
		{ADF2B817-69E9-4852-82A0-452B23DEBB8C}.Distribution|iPhone.ActiveCfg = Debug|Any CPU
		{ADF2B817-69E9-4852-82A0-452B23DEBB8C}.Distribution|iPhoneSimulator.ActiveCfg = Debug|Any CPU
		{ADF2B817-69E9-4852-82A0-452B23DEBB8C}.Distribution|Mixed Platforms.ActiveCfg = Debug|Any CPU
		{ADF2B817-69E9-4852-82A0-452B23DEBB8C}.Distribution|Mixed Platforms.Build.0 = Debug|Any CPU
		{ADF2B817-69E9-4852-82A0-452B23DEBB8C}.Release|Any CPU.ActiveCfg = Release|Any CPU
		{ADF2B817-69E9-4852-82A0-452B23DEBB8C}.Release|Any CPU.Build.0 = Release|Any CPU
		{ADF2B817-69E9-4852-82A0-452B23DEBB8C}.Release|iPhone.ActiveCfg = Release|Any CPU
		{ADF2B817-69E9-4852-82A0-452B23DEBB8C}.Release|iPhoneSimulator.ActiveCfg = Release|Any CPU
		{ADF2B817-69E9-4852-82A0-452B23DEBB8C}.Release|Mixed Platforms.ActiveCfg = Release|Any CPU
		{ADF2B817-69E9-4852-82A0-452B23DEBB8C}.Release|Mixed Platforms.Build.0 = Release|Any CPU
		{B6E27475-E7D0-448C-A5CC-5097DCA1E2DD}.AdHoc|Any CPU.ActiveCfg = Release|Any CPU
		{B6E27475-E7D0-448C-A5CC-5097DCA1E2DD}.AdHoc|Any CPU.Build.0 = Release|Any CPU
		{B6E27475-E7D0-448C-A5CC-5097DCA1E2DD}.AdHoc|iPhone.ActiveCfg = Release|Any CPU
		{B6E27475-E7D0-448C-A5CC-5097DCA1E2DD}.AdHoc|iPhoneSimulator.ActiveCfg = Release|Any CPU
		{B6E27475-E7D0-448C-A5CC-5097DCA1E2DD}.AdHoc|Mixed Platforms.ActiveCfg = Release|Any CPU
		{B6E27475-E7D0-448C-A5CC-5097DCA1E2DD}.AdHoc|Mixed Platforms.Build.0 = Release|Any CPU
		{B6E27475-E7D0-448C-A5CC-5097DCA1E2DD}.Debug|Any CPU.ActiveCfg = Debug|Any CPU
		{B6E27475-E7D0-448C-A5CC-5097DCA1E2DD}.Debug|Any CPU.Build.0 = Debug|Any CPU
		{B6E27475-E7D0-448C-A5CC-5097DCA1E2DD}.Debug|iPhone.ActiveCfg = Debug|Any CPU
		{B6E27475-E7D0-448C-A5CC-5097DCA1E2DD}.Debug|iPhoneSimulator.ActiveCfg = Debug|Any CPU
		{B6E27475-E7D0-448C-A5CC-5097DCA1E2DD}.Debug|iPhoneSimulator.Build.0 = Debug|Any CPU
		{B6E27475-E7D0-448C-A5CC-5097DCA1E2DD}.Debug|Mixed Platforms.ActiveCfg = Debug|Any CPU
		{B6E27475-E7D0-448C-A5CC-5097DCA1E2DD}.Debug|Mixed Platforms.Build.0 = Debug|Any CPU
		{B6E27475-E7D0-448C-A5CC-5097DCA1E2DD}.Distribution|Any CPU.ActiveCfg = Debug|Any CPU
		{B6E27475-E7D0-448C-A5CC-5097DCA1E2DD}.Distribution|Any CPU.Build.0 = Debug|Any CPU
		{B6E27475-E7D0-448C-A5CC-5097DCA1E2DD}.Distribution|iPhone.ActiveCfg = Debug|Any CPU
		{B6E27475-E7D0-448C-A5CC-5097DCA1E2DD}.Distribution|iPhoneSimulator.ActiveCfg = Debug|Any CPU
		{B6E27475-E7D0-448C-A5CC-5097DCA1E2DD}.Distribution|Mixed Platforms.ActiveCfg = Debug|Any CPU
		{B6E27475-E7D0-448C-A5CC-5097DCA1E2DD}.Distribution|Mixed Platforms.Build.0 = Debug|Any CPU
		{B6E27475-E7D0-448C-A5CC-5097DCA1E2DD}.Release|Any CPU.ActiveCfg = Release|Any CPU
		{B6E27475-E7D0-448C-A5CC-5097DCA1E2DD}.Release|Any CPU.Build.0 = Release|Any CPU
		{B6E27475-E7D0-448C-A5CC-5097DCA1E2DD}.Release|iPhone.ActiveCfg = Release|Any CPU
		{B6E27475-E7D0-448C-A5CC-5097DCA1E2DD}.Release|iPhoneSimulator.ActiveCfg = Release|Any CPU
		{B6E27475-E7D0-448C-A5CC-5097DCA1E2DD}.Release|Mixed Platforms.ActiveCfg = Release|Any CPU
		{B6E27475-E7D0-448C-A5CC-5097DCA1E2DD}.Release|Mixed Platforms.Build.0 = Release|Any CPU
		{D518E8E6-3CE6-4706-A286-E8BC6A2F64DC}.AdHoc|Any CPU.ActiveCfg = Release|Any CPU
		{D518E8E6-3CE6-4706-A286-E8BC6A2F64DC}.AdHoc|Any CPU.Build.0 = Release|Any CPU
		{D518E8E6-3CE6-4706-A286-E8BC6A2F64DC}.AdHoc|iPhone.ActiveCfg = Release|Any CPU
		{D518E8E6-3CE6-4706-A286-E8BC6A2F64DC}.AdHoc|iPhoneSimulator.ActiveCfg = Release|Any CPU
		{D518E8E6-3CE6-4706-A286-E8BC6A2F64DC}.AdHoc|Mixed Platforms.ActiveCfg = Release|Any CPU
		{D518E8E6-3CE6-4706-A286-E8BC6A2F64DC}.AdHoc|Mixed Platforms.Build.0 = Release|Any CPU
		{D518E8E6-3CE6-4706-A286-E8BC6A2F64DC}.Debug|Any CPU.ActiveCfg = Debug|Any CPU
		{D518E8E6-3CE6-4706-A286-E8BC6A2F64DC}.Debug|Any CPU.Build.0 = Debug|Any CPU
		{D518E8E6-3CE6-4706-A286-E8BC6A2F64DC}.Debug|iPhone.ActiveCfg = Debug|Any CPU
		{D518E8E6-3CE6-4706-A286-E8BC6A2F64DC}.Debug|iPhoneSimulator.ActiveCfg = Debug|Any CPU
		{D518E8E6-3CE6-4706-A286-E8BC6A2F64DC}.Debug|iPhoneSimulator.Build.0 = Debug|Any CPU
		{D518E8E6-3CE6-4706-A286-E8BC6A2F64DC}.Debug|Mixed Platforms.ActiveCfg = Debug|Any CPU
		{D518E8E6-3CE6-4706-A286-E8BC6A2F64DC}.Debug|Mixed Platforms.Build.0 = Debug|Any CPU
		{D518E8E6-3CE6-4706-A286-E8BC6A2F64DC}.Distribution|Any CPU.ActiveCfg = Debug|Any CPU
		{D518E8E6-3CE6-4706-A286-E8BC6A2F64DC}.Distribution|Any CPU.Build.0 = Debug|Any CPU
		{D518E8E6-3CE6-4706-A286-E8BC6A2F64DC}.Distribution|iPhone.ActiveCfg = Debug|Any CPU
		{D518E8E6-3CE6-4706-A286-E8BC6A2F64DC}.Distribution|iPhoneSimulator.ActiveCfg = Debug|Any CPU
		{D518E8E6-3CE6-4706-A286-E8BC6A2F64DC}.Distribution|Mixed Platforms.ActiveCfg = Debug|Any CPU
		{D518E8E6-3CE6-4706-A286-E8BC6A2F64DC}.Distribution|Mixed Platforms.Build.0 = Debug|Any CPU
		{D518E8E6-3CE6-4706-A286-E8BC6A2F64DC}.Release|Any CPU.ActiveCfg = Release|Any CPU
		{D518E8E6-3CE6-4706-A286-E8BC6A2F64DC}.Release|Any CPU.Build.0 = Release|Any CPU
		{D518E8E6-3CE6-4706-A286-E8BC6A2F64DC}.Release|iPhone.ActiveCfg = Release|Any CPU
		{D518E8E6-3CE6-4706-A286-E8BC6A2F64DC}.Release|iPhoneSimulator.ActiveCfg = Release|Any CPU
		{D518E8E6-3CE6-4706-A286-E8BC6A2F64DC}.Release|Mixed Platforms.ActiveCfg = Release|Any CPU
		{D518E8E6-3CE6-4706-A286-E8BC6A2F64DC}.Release|Mixed Platforms.Build.0 = Release|Any CPU
		{E042EDD9-E89D-4928-BF4D-27F0FC29CEDA}.AdHoc|Any CPU.ActiveCfg = AdHoc|Any CPU
		{E042EDD9-E89D-4928-BF4D-27F0FC29CEDA}.AdHoc|Any CPU.Build.0 = AdHoc|Any CPU
		{E042EDD9-E89D-4928-BF4D-27F0FC29CEDA}.AdHoc|iPhone.ActiveCfg = AdHoc|iPhone
		{E042EDD9-E89D-4928-BF4D-27F0FC29CEDA}.AdHoc|iPhone.Build.0 = AdHoc|iPhone
		{E042EDD9-E89D-4928-BF4D-27F0FC29CEDA}.AdHoc|iPhoneSimulator.ActiveCfg = AdHoc|iPhoneSimulator
		{E042EDD9-E89D-4928-BF4D-27F0FC29CEDA}.AdHoc|iPhoneSimulator.Build.0 = AdHoc|iPhoneSimulator
		{E042EDD9-E89D-4928-BF4D-27F0FC29CEDA}.AdHoc|Mixed Platforms.ActiveCfg = AdHoc|iPhone
		{E042EDD9-E89D-4928-BF4D-27F0FC29CEDA}.AdHoc|Mixed Platforms.Build.0 = AdHoc|iPhone
		{E042EDD9-E89D-4928-BF4D-27F0FC29CEDA}.Debug|Any CPU.ActiveCfg = Debug|Any CPU
		{E042EDD9-E89D-4928-BF4D-27F0FC29CEDA}.Debug|Any CPU.Build.0 = Debug|Any CPU
		{E042EDD9-E89D-4928-BF4D-27F0FC29CEDA}.Debug|iPhone.ActiveCfg = Debug|iPhone
		{E042EDD9-E89D-4928-BF4D-27F0FC29CEDA}.Debug|iPhone.Build.0 = Debug|iPhone
		{E042EDD9-E89D-4928-BF4D-27F0FC29CEDA}.Debug|iPhoneSimulator.ActiveCfg = Debug|iPhoneSimulator
		{E042EDD9-E89D-4928-BF4D-27F0FC29CEDA}.Debug|iPhoneSimulator.Build.0 = Debug|iPhoneSimulator
		{E042EDD9-E89D-4928-BF4D-27F0FC29CEDA}.Debug|Mixed Platforms.ActiveCfg = Debug|iPhone
		{E042EDD9-E89D-4928-BF4D-27F0FC29CEDA}.Debug|Mixed Platforms.Build.0 = Debug|iPhone
		{E042EDD9-E89D-4928-BF4D-27F0FC29CEDA}.Distribution|Any CPU.ActiveCfg = Debug|iPhone
		{E042EDD9-E89D-4928-BF4D-27F0FC29CEDA}.Distribution|iPhone.ActiveCfg = Debug|iPhone
		{E042EDD9-E89D-4928-BF4D-27F0FC29CEDA}.Distribution|iPhone.Build.0 = Debug|iPhone
		{E042EDD9-E89D-4928-BF4D-27F0FC29CEDA}.Distribution|iPhoneSimulator.ActiveCfg = Debug|iPhone
		{E042EDD9-E89D-4928-BF4D-27F0FC29CEDA}.Distribution|Mixed Platforms.ActiveCfg = Debug|iPhone
		{E042EDD9-E89D-4928-BF4D-27F0FC29CEDA}.Distribution|Mixed Platforms.Build.0 = Debug|iPhone
		{E042EDD9-E89D-4928-BF4D-27F0FC29CEDA}.Release|Any CPU.ActiveCfg = Release|Any CPU
		{E042EDD9-E89D-4928-BF4D-27F0FC29CEDA}.Release|Any CPU.Build.0 = Release|Any CPU
		{E042EDD9-E89D-4928-BF4D-27F0FC29CEDA}.Release|iPhone.ActiveCfg = Release|iPhone
		{E042EDD9-E89D-4928-BF4D-27F0FC29CEDA}.Release|iPhone.Build.0 = Release|iPhone
		{E042EDD9-E89D-4928-BF4D-27F0FC29CEDA}.Release|iPhoneSimulator.ActiveCfg = Release|iPhoneSimulator
		{E042EDD9-E89D-4928-BF4D-27F0FC29CEDA}.Release|iPhoneSimulator.Build.0 = Release|iPhoneSimulator
		{E042EDD9-E89D-4928-BF4D-27F0FC29CEDA}.Release|Mixed Platforms.ActiveCfg = Release|iPhone
		{E042EDD9-E89D-4928-BF4D-27F0FC29CEDA}.Release|Mixed Platforms.Build.0 = Release|iPhone
		{EB2591F7-1492-4885-AD59-D11D2311BBC7}.AdHoc|Any CPU.ActiveCfg = Release|Any CPU
		{EB2591F7-1492-4885-AD59-D11D2311BBC7}.AdHoc|Any CPU.Build.0 = Release|Any CPU
		{EB2591F7-1492-4885-AD59-D11D2311BBC7}.AdHoc|iPhone.ActiveCfg = Release|Any CPU
		{EB2591F7-1492-4885-AD59-D11D2311BBC7}.AdHoc|iPhoneSimulator.ActiveCfg = Release|Any CPU
		{EB2591F7-1492-4885-AD59-D11D2311BBC7}.AdHoc|Mixed Platforms.ActiveCfg = Release|Any CPU
		{EB2591F7-1492-4885-AD59-D11D2311BBC7}.AdHoc|Mixed Platforms.Build.0 = Release|Any CPU
		{EB2591F7-1492-4885-AD59-D11D2311BBC7}.Debug|Any CPU.ActiveCfg = Debug|Any CPU
		{EB2591F7-1492-4885-AD59-D11D2311BBC7}.Debug|Any CPU.Build.0 = Debug|Any CPU
		{EB2591F7-1492-4885-AD59-D11D2311BBC7}.Debug|iPhone.ActiveCfg = Debug|Any CPU
		{EB2591F7-1492-4885-AD59-D11D2311BBC7}.Debug|iPhoneSimulator.ActiveCfg = Debug|Any CPU
		{EB2591F7-1492-4885-AD59-D11D2311BBC7}.Debug|Mixed Platforms.ActiveCfg = Debug|Any CPU
		{EB2591F7-1492-4885-AD59-D11D2311BBC7}.Debug|Mixed Platforms.Build.0 = Debug|Any CPU
		{EB2591F7-1492-4885-AD59-D11D2311BBC7}.Distribution|Any CPU.ActiveCfg = Debug|Any CPU
		{EB2591F7-1492-4885-AD59-D11D2311BBC7}.Distribution|Any CPU.Build.0 = Debug|Any CPU
		{EB2591F7-1492-4885-AD59-D11D2311BBC7}.Distribution|iPhone.ActiveCfg = Debug|Any CPU
		{EB2591F7-1492-4885-AD59-D11D2311BBC7}.Distribution|iPhoneSimulator.ActiveCfg = Debug|Any CPU
		{EB2591F7-1492-4885-AD59-D11D2311BBC7}.Distribution|Mixed Platforms.ActiveCfg = Debug|Any CPU
		{EB2591F7-1492-4885-AD59-D11D2311BBC7}.Distribution|Mixed Platforms.Build.0 = Debug|Any CPU
		{EB2591F7-1492-4885-AD59-D11D2311BBC7}.Release|Any CPU.ActiveCfg = Release|Any CPU
		{EB2591F7-1492-4885-AD59-D11D2311BBC7}.Release|Any CPU.Build.0 = Release|Any CPU
		{EB2591F7-1492-4885-AD59-D11D2311BBC7}.Release|iPhone.ActiveCfg = Release|Any CPU
		{EB2591F7-1492-4885-AD59-D11D2311BBC7}.Release|iPhoneSimulator.ActiveCfg = Release|Any CPU
		{EB2591F7-1492-4885-AD59-D11D2311BBC7}.Release|Mixed Platforms.ActiveCfg = Release|Any CPU
		{EB2591F7-1492-4885-AD59-D11D2311BBC7}.Release|Mixed Platforms.Build.0 = Release|Any CPU
		{EE2D94C9-032E-4EBE-B3D5-6A585D03F188}.AdHoc|Any CPU.ActiveCfg = Release|Any CPU
		{EE2D94C9-032E-4EBE-B3D5-6A585D03F188}.AdHoc|Any CPU.Build.0 = Release|Any CPU
		{EE2D94C9-032E-4EBE-B3D5-6A585D03F188}.AdHoc|iPhone.ActiveCfg = Release|Any CPU
		{EE2D94C9-032E-4EBE-B3D5-6A585D03F188}.AdHoc|iPhoneSimulator.ActiveCfg = Release|Any CPU
		{EE2D94C9-032E-4EBE-B3D5-6A585D03F188}.AdHoc|Mixed Platforms.ActiveCfg = Release|Any CPU
		{EE2D94C9-032E-4EBE-B3D5-6A585D03F188}.AdHoc|Mixed Platforms.Build.0 = Release|Any CPU
		{EE2D94C9-032E-4EBE-B3D5-6A585D03F188}.Debug|Any CPU.ActiveCfg = Debug|Any CPU
		{EE2D94C9-032E-4EBE-B3D5-6A585D03F188}.Debug|Any CPU.Build.0 = Debug|Any CPU
		{EE2D94C9-032E-4EBE-B3D5-6A585D03F188}.Debug|iPhone.ActiveCfg = Debug|Any CPU
		{EE2D94C9-032E-4EBE-B3D5-6A585D03F188}.Debug|iPhoneSimulator.ActiveCfg = Debug|Any CPU
		{EE2D94C9-032E-4EBE-B3D5-6A585D03F188}.Debug|Mixed Platforms.ActiveCfg = Debug|Any CPU
		{EE2D94C9-032E-4EBE-B3D5-6A585D03F188}.Debug|Mixed Platforms.Build.0 = Debug|Any CPU
		{EE2D94C9-032E-4EBE-B3D5-6A585D03F188}.Distribution|Any CPU.ActiveCfg = Debug|Any CPU
		{EE2D94C9-032E-4EBE-B3D5-6A585D03F188}.Distribution|Any CPU.Build.0 = Debug|Any CPU
		{EE2D94C9-032E-4EBE-B3D5-6A585D03F188}.Distribution|iPhone.ActiveCfg = Debug|Any CPU
		{EE2D94C9-032E-4EBE-B3D5-6A585D03F188}.Distribution|iPhoneSimulator.ActiveCfg = Debug|Any CPU
		{EE2D94C9-032E-4EBE-B3D5-6A585D03F188}.Distribution|Mixed Platforms.ActiveCfg = Debug|Any CPU
		{EE2D94C9-032E-4EBE-B3D5-6A585D03F188}.Distribution|Mixed Platforms.Build.0 = Debug|Any CPU
		{EE2D94C9-032E-4EBE-B3D5-6A585D03F188}.Release|Any CPU.ActiveCfg = Release|Any CPU
		{EE2D94C9-032E-4EBE-B3D5-6A585D03F188}.Release|Any CPU.Build.0 = Release|Any CPU
		{EE2D94C9-032E-4EBE-B3D5-6A585D03F188}.Release|iPhone.ActiveCfg = Release|Any CPU
		{EE2D94C9-032E-4EBE-B3D5-6A585D03F188}.Release|iPhoneSimulator.ActiveCfg = Release|Any CPU
		{EE2D94C9-032E-4EBE-B3D5-6A585D03F188}.Release|Mixed Platforms.ActiveCfg = Release|Any CPU
		{EE2D94C9-032E-4EBE-B3D5-6A585D03F188}.Release|Mixed Platforms.Build.0 = Release|Any CPU
		{F073E4F8-E0B6-43E7-84C1-B71AE4BEA0E0}.AdHoc|Any CPU.ActiveCfg = AdHoc|Any CPU
		{F073E4F8-E0B6-43E7-84C1-B71AE4BEA0E0}.AdHoc|Any CPU.Build.0 = AdHoc|Any CPU
		{F073E4F8-E0B6-43E7-84C1-B71AE4BEA0E0}.AdHoc|iPhone.ActiveCfg = AdHoc|iPhone
		{F073E4F8-E0B6-43E7-84C1-B71AE4BEA0E0}.AdHoc|iPhone.Build.0 = AdHoc|iPhone
		{F073E4F8-E0B6-43E7-84C1-B71AE4BEA0E0}.AdHoc|iPhoneSimulator.ActiveCfg = AdHoc|iPhoneSimulator
		{F073E4F8-E0B6-43E7-84C1-B71AE4BEA0E0}.AdHoc|iPhoneSimulator.Build.0 = AdHoc|iPhoneSimulator
		{F073E4F8-E0B6-43E7-84C1-B71AE4BEA0E0}.AdHoc|Mixed Platforms.ActiveCfg = AdHoc|iPhone
		{F073E4F8-E0B6-43E7-84C1-B71AE4BEA0E0}.AdHoc|Mixed Platforms.Build.0 = AdHoc|iPhone
		{F073E4F8-E0B6-43E7-84C1-B71AE4BEA0E0}.Debug|Any CPU.ActiveCfg = Debug|Any CPU
		{F073E4F8-E0B6-43E7-84C1-B71AE4BEA0E0}.Debug|Any CPU.Build.0 = Debug|Any CPU
		{F073E4F8-E0B6-43E7-84C1-B71AE4BEA0E0}.Debug|iPhone.ActiveCfg = Debug|iPhone
		{F073E4F8-E0B6-43E7-84C1-B71AE4BEA0E0}.Debug|iPhone.Build.0 = Debug|iPhone
		{F073E4F8-E0B6-43E7-84C1-B71AE4BEA0E0}.Debug|iPhoneSimulator.ActiveCfg = Debug|iPhoneSimulator
		{F073E4F8-E0B6-43E7-84C1-B71AE4BEA0E0}.Debug|iPhoneSimulator.Build.0 = Debug|iPhoneSimulator
		{F073E4F8-E0B6-43E7-84C1-B71AE4BEA0E0}.Debug|Mixed Platforms.ActiveCfg = Debug|iPhone
		{F073E4F8-E0B6-43E7-84C1-B71AE4BEA0E0}.Debug|Mixed Platforms.Build.0 = Debug|iPhone
		{F073E4F8-E0B6-43E7-84C1-B71AE4BEA0E0}.Distribution|Any CPU.ActiveCfg = Debug|iPhone
		{F073E4F8-E0B6-43E7-84C1-B71AE4BEA0E0}.Distribution|iPhone.ActiveCfg = Debug|iPhone
		{F073E4F8-E0B6-43E7-84C1-B71AE4BEA0E0}.Distribution|iPhone.Build.0 = Debug|iPhone
		{F073E4F8-E0B6-43E7-84C1-B71AE4BEA0E0}.Distribution|iPhoneSimulator.ActiveCfg = Debug|iPhone
		{F073E4F8-E0B6-43E7-84C1-B71AE4BEA0E0}.Distribution|Mixed Platforms.ActiveCfg = Debug|iPhone
		{F073E4F8-E0B6-43E7-84C1-B71AE4BEA0E0}.Distribution|Mixed Platforms.Build.0 = Debug|iPhone
		{F073E4F8-E0B6-43E7-84C1-B71AE4BEA0E0}.Release|Any CPU.ActiveCfg = Release|Any CPU
		{F073E4F8-E0B6-43E7-84C1-B71AE4BEA0E0}.Release|Any CPU.Build.0 = Release|Any CPU
		{F073E4F8-E0B6-43E7-84C1-B71AE4BEA0E0}.Release|iPhone.ActiveCfg = Release|iPhone
		{F073E4F8-E0B6-43E7-84C1-B71AE4BEA0E0}.Release|iPhone.Build.0 = Release|iPhone
		{F073E4F8-E0B6-43E7-84C1-B71AE4BEA0E0}.Release|iPhoneSimulator.ActiveCfg = Release|iPhoneSimulator
		{F073E4F8-E0B6-43E7-84C1-B71AE4BEA0E0}.Release|iPhoneSimulator.Build.0 = Release|iPhoneSimulator
		{F073E4F8-E0B6-43E7-84C1-B71AE4BEA0E0}.Release|Mixed Platforms.ActiveCfg = Release|iPhone
		{F073E4F8-E0B6-43E7-84C1-B71AE4BEA0E0}.Release|Mixed Platforms.Build.0 = Release|iPhone
		{7674877F-3932-47CF-B50D-305DCD1A2692}.AdHoc|Any CPU.Deploy.0 = Release|Any CPU
		{7674877F-3932-47CF-B50D-305DCD1A2692}.AdHoc|Mixed Platforms.Deploy.0 = Release|Any CPU
		{7674877F-3932-47CF-B50D-305DCD1A2692}.Debug|Any CPU.Deploy.0 = Debug|Any CPU
		{7674877F-3932-47CF-B50D-305DCD1A2692}.Debug|Mixed Platforms.Deploy.0 = Debug|Any CPU
		{7674877F-3932-47CF-B50D-305DCD1A2692}.Distribution|Any CPU.Deploy.0 = Debug|Any CPU
		{7674877F-3932-47CF-B50D-305DCD1A2692}.Distribution|Mixed Platforms.Deploy.0 = Debug|Any CPU
		{7674877F-3932-47CF-B50D-305DCD1A2692}.Release|Any CPU.Deploy.0 = Release|Any CPU
		{7674877F-3932-47CF-B50D-305DCD1A2692}.Release|Mixed Platforms.Deploy.0 = Release|Any CPU
		{ADF2B817-69E9-4852-82A0-452B23DEBB8C}.AdHoc|Any CPU.Deploy.0 = Release|Any CPU
		{ADF2B817-69E9-4852-82A0-452B23DEBB8C}.AdHoc|Mixed Platforms.Deploy.0 = Release|Any CPU
		{ADF2B817-69E9-4852-82A0-452B23DEBB8C}.Debug|Any CPU.Deploy.0 = Debug|Any CPU
		{ADF2B817-69E9-4852-82A0-452B23DEBB8C}.Debug|Mixed Platforms.Deploy.0 = Debug|Any CPU
		{ADF2B817-69E9-4852-82A0-452B23DEBB8C}.Distribution|Any CPU.Deploy.0 = Debug|Any CPU
		{ADF2B817-69E9-4852-82A0-452B23DEBB8C}.Distribution|Mixed Platforms.Deploy.0 = Debug|Any CPU
		{ADF2B817-69E9-4852-82A0-452B23DEBB8C}.Release|Any CPU.Deploy.0 = Release|Any CPU
		{ADF2B817-69E9-4852-82A0-452B23DEBB8C}.Release|Mixed Platforms.Deploy.0 = Release|Any CPU
	EndGlobalSection
	GlobalSection(NestedProjects) = preSolution
		{2C1D266C-59BD-4A95-A52A-426BDD099CF5} = {36A92130-AE30-48AE-89C9-87A680FF81FA}
		{ADF2B817-69E9-4852-82A0-452B23DEBB8C} = {36A92130-AE30-48AE-89C9-87A680FF81FA}
		{CA8AEEBF-307E-4786-BABF-A65EE19B6325} = {36A92130-AE30-48AE-89C9-87A680FF81FA}
		{5A53FEAD-499E-4BF2-9E1B-A3E4A426BA3F} = {36A92130-AE30-48AE-89C9-87A680FF81FA}
		{B6E27475-E7D0-448C-A5CC-5097DCA1E2DD} = {CA8AEEBF-307E-4786-BABF-A65EE19B6325}
		{64DCD397-9019-41E8-A928-E5F5C5DF185B} = {CA8AEEBF-307E-4786-BABF-A65EE19B6325}
		{19EE04D6-7EE0-4FE8-AB10-4623D93F165A} = {CA8AEEBF-307E-4786-BABF-A65EE19B6325}
		{60A80EB8-2056-4771-8600-03A8DA417CFB} = {CA8AEEBF-307E-4786-BABF-A65EE19B6325}
		{D518E8E6-3CE6-4706-A286-E8BC6A2F64DC} = {CA8AEEBF-307E-4786-BABF-A65EE19B6325}
		{DC120CBC-3124-47A0-AD99-F06DD1245DBA} = {CA8AEEBF-307E-4786-BABF-A65EE19B6325}
		{38037027-E93D-427E-804C-5772C18D43CE} = {CA8AEEBF-307E-4786-BABF-A65EE19B6325}
		{47FD89C3-19DC-4BD2-9B6D-FB8363BE7EB9} = {DC120CBC-3124-47A0-AD99-F06DD1245DBA}
		{81A58551-7D1C-4687-A5A5-C73EB5F15563} = {DC120CBC-3124-47A0-AD99-F06DD1245DBA}
		{7A6BE137-D0F1-46A1-AE5C-81FAEEDDDF02} = {DC120CBC-3124-47A0-AD99-F06DD1245DBA}
		{EE2D94C9-032E-4EBE-B3D5-6A585D03F188} = {DC120CBC-3124-47A0-AD99-F06DD1245DBA}
		{EB2591F7-1492-4885-AD59-D11D2311BBC7} = {DC120CBC-3124-47A0-AD99-F06DD1245DBA}
		{72D13EE1-53A3-4A9F-9281-AE44CC5E92AC} = {DC120CBC-3124-47A0-AD99-F06DD1245DBA}
		{59452E25-103C-4677-AB2A-E0D33B9FBDDA} = {38037027-E93D-427E-804C-5772C18D43CE}
		{5B8CF261-197A-48AF-BC7C-899CF81AA187} = {38037027-E93D-427E-804C-5772C18D43CE}
		{E042EDD9-E89D-4928-BF4D-27F0FC29CEDA} = {38037027-E93D-427E-804C-5772C18D43CE}
		{913B13B5-7B2C-4DDA-BECB-DADC827ED895} = {38037027-E93D-427E-804C-5772C18D43CE}
		{13D0CB9B-25EC-48E0-9091-4FF0208545CA} = {38037027-E93D-427E-804C-5772C18D43CE}
		{9499E72B-FD7C-4A9B-AB6C-0F9B7359257C} = {38037027-E93D-427E-804C-5772C18D43CE}
		{F073E4F8-E0B6-43E7-84C1-B71AE4BEA0E0} = {38037027-E93D-427E-804C-5772C18D43CE}
	EndGlobalSection
	GlobalSection(MonoDevelopProperties) = preSolution
		StartupItem = Sample.csproj
	EndGlobalSection
	GlobalSection(SolutionProperties) = preSolution
		HideSolutionNode = FALSE
	EndGlobalSection
EndGlobal
